{
  "version": 4,
  "terraform_version": "1.13.1",
  "serial": 174,
  "lineage": "05b09fe8-afd1-2b09-d2d4-c83f7104d8a3",
  "outputs": {
    "alb_dns_name": {
      "value": "ecommerce-facultad-alb-1853878180.us-east-1.elb.amazonaws.com",
      "type": "string"
    },
    "autoscaling_group_name": {
      "value": "ecommerce-facultad-asg",
      "type": "string"
    },
    "cloudfront_domain_name": {
      "value": "",
      "type": "string"
    },
    "monitoring_dashboard_url": {
      "value": "https://us-east-1.console.aws.amazon.com/cloudwatch/home?region=us-east-1#dashboards:name=ecommerce-facultad-black-friday-dashboard",
      "type": "string"
    },
    "rds_endpoint": {
      "value": "ecommerce-facultad-db.cax4omisalcr.us-east-1.rds.amazonaws.com:3306",
      "type": "string"
    },
    "vpc_id": {
      "value": "vpc-061980b05786b81c4",
      "type": "string"
    }
  },
  "resources": [
    {
      "module": "module.alb",
      "mode": "managed",
      "type": "aws_lb",
      "name": "principal",
      "provider": "provider[\"registry.terraform.io/hashicorp/aws\"]",
      "instances": [
        {
          "schema_version": 0,
          "attributes": {
            "access_logs": [
              {
                "bucket": "",
                "enabled": false,
                "prefix": ""
              }
            ],
            "arn": "arn:aws:elasticloadbalancing:us-east-1:055929692785:loadbalancer/app/ecommerce-facultad-alb/40fe295acffd779a",
            "arn_suffix": "app/ecommerce-facultad-alb/40fe295acffd779a",
            "client_keep_alive": 3600,
            "connection_logs": [
              {
                "bucket": "",
                "enabled": false,
                "prefix": ""
              }
            ],
            "customer_owned_ipv4_pool": "",
            "desync_mitigation_mode": "defensive",
            "dns_name": "ecommerce-facultad-alb-1853878180.us-east-1.elb.amazonaws.com",
            "dns_record_client_routing_policy": null,
            "drop_invalid_header_fields": false,
            "enable_cross_zone_load_balancing": true,
            "enable_deletion_protection": false,
            "enable_http2": true,
            "enable_tls_version_and_cipher_suite_headers": false,
            "enable_waf_fail_open": false,
            "enable_xff_client_port": false,
            "enable_zonal_shift": false,
            "enforce_security_group_inbound_rules_on_private_link_traffic": "",
            "id": "arn:aws:elasticloadbalancing:us-east-1:055929692785:loadbalancer/app/ecommerce-facultad-alb/40fe295acffd779a",
            "idle_timeout": 60,
            "internal": false,
            "ip_address_type": "ipv4",
            "ipam_pools": [],
            "load_balancer_type": "application",
            "name": "ecommerce-facultad-alb",
            "name_prefix": "",
            "preserve_host_header": false,
            "security_groups": [
              "sg-056a32c6aed8a4840"
            ],
            "subnet_mapping": [
              {
                "allocation_id": "",
                "ipv6_address": "",
                "outpost_id": "",
                "private_ipv4_address": "",
                "subnet_id": "subnet-018d631b237ab089b"
              },
              {
                "allocation_id": "",
                "ipv6_address": "",
                "outpost_id": "",
                "private_ipv4_address": "",
                "subnet_id": "subnet-0d3175f7886eebb63"
              }
            ],
            "subnets": [
              "subnet-018d631b237ab089b",
              "subnet-0d3175f7886eebb63"
            ],
            "tags": {
              "Name": "ecommerce-facultad-alb",
              "Proyecto": "ecommerce-facultad"
            },
            "tags_all": {
              "Name": "ecommerce-facultad-alb",
              "Proyecto": "ecommerce-facultad"
            },
            "timeouts": null,
            "vpc_id": "vpc-061980b05786b81c4",
            "xff_header_processing_mode": "append",
            "zone_id": "Z35SXDOTRQ7X7K"
          },
          "sensitive_attributes": [],
          "identity_schema_version": 0,
          "private": "eyJlMmJmYjczMC1lY2FhLTExZTYtOGY4OC0zNDM2M2JjN2M0YzAiOnsiY3JlYXRlIjo2MDAwMDAwMDAwMDAsImRlbGV0ZSI6NjAwMDAwMDAwMDAwLCJ1cGRhdGUiOjYwMDAwMDAwMDAwMH19",
          "dependencies": [
            "module.alb.aws_security_group.alb",
            "module.network.aws_subnet.publica",
            "module.network.aws_vpc.principal"
          ]
        }
      ]
    },
    {
      "module": "module.alb",
      "mode": "managed",
      "type": "aws_lb_listener",
      "name": "http_forward",
      "provider": "provider[\"registry.terraform.io/hashicorp/aws\"]",
      "instances": [
        {
          "index_key": 0,
          "schema_version": 0,
          "attributes": {
            "alpn_policy": null,
            "arn": "arn:aws:elasticloadbalancing:us-east-1:055929692785:listener/app/ecommerce-facultad-alb/40fe295acffd779a/ca86af6820e8c854",
            "certificate_arn": null,
            "default_action": [
              {
                "authenticate_cognito": [],
                "authenticate_oidc": [],
                "fixed_response": [],
                "forward": [],
                "order": 1,
                "redirect": [],
                "target_group_arn": "arn:aws:elasticloadbalancing:us-east-1:055929692785:targetgroup/ecommerce-facultad-tg/00e02aeba303460e",
                "type": "forward"
              }
            ],
            "id": "arn:aws:elasticloadbalancing:us-east-1:055929692785:listener/app/ecommerce-facultad-alb/40fe295acffd779a/ca86af6820e8c854",
            "load_balancer_arn": "arn:aws:elasticloadbalancing:us-east-1:055929692785:loadbalancer/app/ecommerce-facultad-alb/40fe295acffd779a",
            "mutual_authentication": [],
            "port": 80,
            "protocol": "HTTP",
            "routing_http_request_x_amzn_mtls_clientcert_header_name": null,
            "routing_http_request_x_amzn_mtls_clientcert_issuer_header_name": null,
            "routing_http_request_x_amzn_mtls_clientcert_leaf_header_name": null,
            "routing_http_request_x_amzn_mtls_clientcert_serial_number_header_name": null,
            "routing_http_request_x_amzn_mtls_clientcert_subject_header_name": null,
            "routing_http_request_x_amzn_mtls_clientcert_validity_header_name": null,
            "routing_http_request_x_amzn_tls_cipher_suite_header_name": null,
            "routing_http_request_x_amzn_tls_version_header_name": null,
            "routing_http_response_access_control_allow_credentials_header_value": "",
            "routing_http_response_access_control_allow_headers_header_value": "",
            "routing_http_response_access_control_allow_methods_header_value": "",
            "routing_http_response_access_control_allow_origin_header_value": "",
            "routing_http_response_access_control_expose_headers_header_value": "",
            "routing_http_response_access_control_max_age_header_value": "",
            "routing_http_response_content_security_policy_header_value": "",
            "routing_http_response_server_enabled": false,
            "routing_http_response_strict_transport_security_header_value": "",
            "routing_http_response_x_content_type_options_header_value": "",
            "routing_http_response_x_frame_options_header_value": "",
            "ssl_policy": "",
            "tags": {},
            "tags_all": {},
            "tcp_idle_timeout_seconds": null,
            "timeouts": null
          },
          "sensitive_attributes": [],
          "identity_schema_version": 0,
          "private": "eyJlMmJmYjczMC1lY2FhLTExZTYtOGY4OC0zNDM2M2JjN2M0YzAiOnsiY3JlYXRlIjozMDAwMDAwMDAwMDAsInVwZGF0ZSI6MzAwMDAwMDAwMDAwfX0=",
          "dependencies": [
            "module.alb.aws_lb.principal",
            "module.alb.aws_lb_target_group.app",
            "module.alb.aws_security_group.alb",
            "module.certificado_acm.aws_acm_certificate.cloudfront_cert",
            "module.network.aws_subnet.publica",
            "module.network.aws_vpc.principal"
          ]
        }
      ]
    },
    {
      "module": "module.alb",
      "mode": "managed",
      "type": "aws_lb_target_group",
      "name": "app",
      "provider": "provider[\"registry.terraform.io/hashicorp/aws\"]",
      "instances": [
        {
          "schema_version": 0,
          "attributes": {
            "arn": "arn:aws:elasticloadbalancing:us-east-1:055929692785:targetgroup/ecommerce-facultad-tg/00e02aeba303460e",
            "arn_suffix": "targetgroup/ecommerce-facultad-tg/00e02aeba303460e",
            "connection_termination": null,
            "deregistration_delay": "300",
            "health_check": [
              {
                "enabled": true,
                "healthy_threshold": 2,
                "interval": 30,
                "matcher": "200",
                "path": "/health",
                "port": "traffic-port",
                "protocol": "HTTP",
                "timeout": 5,
                "unhealthy_threshold": 2
              }
            ],
            "id": "arn:aws:elasticloadbalancing:us-east-1:055929692785:targetgroup/ecommerce-facultad-tg/00e02aeba303460e",
            "ip_address_type": "ipv4",
            "lambda_multi_value_headers_enabled": false,
            "load_balancer_arns": [
              "arn:aws:elasticloadbalancing:us-east-1:055929692785:loadbalancer/app/ecommerce-facultad-alb/40fe295acffd779a"
            ],
            "load_balancing_algorithm_type": "round_robin",
            "load_balancing_anomaly_mitigation": "off",
            "load_balancing_cross_zone_enabled": "use_load_balancer_configuration",
            "name": "ecommerce-facultad-tg",
            "name_prefix": "",
            "port": 80,
            "preserve_client_ip": null,
            "protocol": "HTTP",
            "protocol_version": "HTTP1",
            "proxy_protocol_v2": false,
            "slow_start": 0,
            "stickiness": [
              {
                "cookie_duration": 86400,
                "cookie_name": "",
                "enabled": false,
                "type": "lb_cookie"
              }
            ],
            "tags": {
              "Name": "ecommerce-facultad-target-group",
              "Proyecto": "ecommerce-facultad"
            },
            "tags_all": {
              "Name": "ecommerce-facultad-target-group",
              "Proyecto": "ecommerce-facultad"
            },
            "target_failover": [
              {
                "on_deregistration": null,
                "on_unhealthy": null
              }
            ],
            "target_group_health": [
              {
                "dns_failover": [
                  {
                    "minimum_healthy_targets_count": "1",
                    "minimum_healthy_targets_percentage": "off"
                  }
                ],
                "unhealthy_state_routing": [
                  {
                    "minimum_healthy_targets_count": 1,
                    "minimum_healthy_targets_percentage": "off"
                  }
                ]
              }
            ],
            "target_health_state": [
              {
                "enable_unhealthy_connection_termination": null,
                "unhealthy_draining_interval": null
              }
            ],
            "target_type": "instance",
            "vpc_id": "vpc-061980b05786b81c4"
          },
          "sensitive_attributes": [],
          "identity_schema_version": 0,
          "private": "bnVsbA==",
          "dependencies": [
            "module.network.aws_vpc.principal"
          ]
        }
      ]
    },
    {
      "module": "module.alb",
      "mode": "managed",
      "type": "aws_security_group",
      "name": "alb",
      "provider": "provider[\"registry.terraform.io/hashicorp/aws\"]",
      "instances": [
        {
          "schema_version": 1,
          "attributes": {
            "arn": "arn:aws:ec2:us-east-1:055929692785:security-group/sg-056a32c6aed8a4840",
            "description": "Managed by Terraform",
            "egress": [
              {
                "cidr_blocks": [
                  "0.0.0.0/0"
                ],
                "description": "",
                "from_port": 0,
                "ipv6_cidr_blocks": [],
                "prefix_list_ids": [],
                "protocol": "-1",
                "security_groups": [],
                "self": false,
                "to_port": 0
              }
            ],
            "id": "sg-056a32c6aed8a4840",
            "ingress": [
              {
                "cidr_blocks": [
                  "0.0.0.0/0"
                ],
                "description": "HTTP",
                "from_port": 80,
                "ipv6_cidr_blocks": [],
                "prefix_list_ids": [],
                "protocol": "tcp",
                "security_groups": [],
                "self": false,
                "to_port": 80
              },
              {
                "cidr_blocks": [
                  "0.0.0.0/0"
                ],
                "description": "HTTPS",
                "from_port": 443,
                "ipv6_cidr_blocks": [],
                "prefix_list_ids": [],
                "protocol": "tcp",
                "security_groups": [],
                "self": false,
                "to_port": 443
              }
            ],
            "name": "ecommerce-facultad-alb-20250920203648654300000003",
            "name_prefix": "ecommerce-facultad-alb-",
            "owner_id": "055929692785",
            "revoke_rules_on_delete": false,
            "tags": {
              "Name": "ecommerce-facultad-alb-sg",
              "Proyecto": "ecommerce-facultad"
            },
            "tags_all": {
              "Name": "ecommerce-facultad-alb-sg",
              "Proyecto": "ecommerce-facultad"
            },
            "timeouts": null,
            "vpc_id": "vpc-061980b05786b81c4"
          },
          "sensitive_attributes": [],
          "identity_schema_version": 0,
          "private": "eyJlMmJmYjczMC1lY2FhLTExZTYtOGY4OC0zNDM2M2JjN2M0YzAiOnsiY3JlYXRlIjo2MDAwMDAwMDAwMDAsImRlbGV0ZSI6OTAwMDAwMDAwMDAwfSwic2NoZW1hX3ZlcnNpb24iOiIxIn0=",
          "dependencies": [
            "module.network.aws_vpc.principal"
          ]
        }
      ]
    },
    {
      "module": "module.autoscaling",
      "mode": "managed",
      "type": "aws_autoscaling_group",
      "name": "app",
      "provider": "provider[\"registry.terraform.io/hashicorp/aws\"]",
      "instances": [
        {
          "schema_version": 1,
          "attributes": {
            "arn": "arn:aws:autoscaling:us-east-1:055929692785:autoScalingGroup:2de3aa9c-b294-47cc-98f2-323ae4c04eac:autoScalingGroupName/ecommerce-facultad-asg",
            "availability_zone_distribution": [
              {
                "capacity_distribution_strategy": "balanced-best-effort"
              }
            ],
            "availability_zones": [
              "us-east-1a",
              "us-east-1b"
            ],
            "capacity_rebalance": false,
            "context": "",
            "default_cooldown": 300,
            "default_instance_warmup": 0,
            "desired_capacity": 1,
            "desired_capacity_type": "",
            "enabled_metrics": [],
            "force_delete": false,
            "force_delete_warm_pool": false,
            "health_check_grace_period": 300,
            "health_check_type": "ELB",
            "id": "ecommerce-facultad-asg",
            "ignore_failed_scaling_activities": false,
            "initial_lifecycle_hook": [],
            "instance_maintenance_policy": [],
            "instance_refresh": [],
            "launch_configuration": "",
            "launch_template": [
              {
                "id": "lt-092a1a68f4e118cf1",
                "name": "ecommerce-facultad-app-20250920203703244100000005",
                "version": "$Latest"
              }
            ],
            "load_balancers": [],
            "max_instance_lifetime": 0,
            "max_size": 2,
            "metrics_granularity": "1Minute",
            "min_elb_capacity": null,
            "min_size": 1,
            "mixed_instances_policy": [],
            "name": "ecommerce-facultad-asg",
            "name_prefix": "",
            "placement_group": "",
            "predicted_capacity": 0,
            "protect_from_scale_in": false,
            "service_linked_role_arn": "arn:aws:iam::055929692785:role/aws-service-role/autoscaling.amazonaws.com/AWSServiceRoleForAutoScaling",
            "suspended_processes": [],
            "tag": [
              {
                "key": "Name",
                "propagate_at_launch": false,
                "value": "ecommerce-facultad-asg"
              },
              {
                "key": "Proyecto",
                "propagate_at_launch": true,
                "value": "ecommerce-facultad"
              }
            ],
            "target_group_arns": [
              "arn:aws:elasticloadbalancing:us-east-1:055929692785:targetgroup/ecommerce-facultad-tg/00e02aeba303460e"
            ],
            "termination_policies": [],
            "timeouts": null,
            "traffic_source": [
              {
                "identifier": "arn:aws:elasticloadbalancing:us-east-1:055929692785:targetgroup/ecommerce-facultad-tg/00e02aeba303460e",
                "type": "elbv2"
              }
            ],
            "vpc_zone_identifier": [
              "subnet-085272c30ced00a1f",
              "subnet-0e6907edf85fa81e1"
            ],
            "wait_for_capacity_timeout": "10m",
            "wait_for_elb_capacity": null,
            "warm_pool": [],
            "warm_pool_size": 0
          },
          "sensitive_attributes": [],
          "identity_schema_version": 0,
          "private": "eyJlMmJmYjczMC1lY2FhLTExZTYtOGY4OC0zNDM2M2JjN2M0YzAiOnsiZGVsZXRlIjo2MDAwMDAwMDAwMDAsInVwZGF0ZSI6NjAwMDAwMDAwMDAwfSwic2NoZW1hX3ZlcnNpb24iOiIxIn0=",
          "dependencies": [
            "module.alb.aws_lb_target_group.app",
            "module.autoscaling.aws_launch_template.app",
            "module.network.aws_subnet.privada",
            "module.network.aws_vpc.principal",
            "module.security.aws_security_group.alb_sg",
            "module.security.aws_security_group.ec2_sg",
            "module.security.aws_security_group.rds_sg"
          ]
        }
      ]
    },
    {
      "module": "module.autoscaling",
      "mode": "managed",
      "type": "aws_autoscaling_policy",
      "name": "scale_down",
      "provider": "provider[\"registry.terraform.io/hashicorp/aws\"]",
      "instances": [
        {
          "schema_version": 0,
          "attributes": {
            "adjustment_type": "ChangeInCapacity",
            "arn": "arn:aws:autoscaling:us-east-1:055929692785:scalingPolicy:a91d75df-d5f8-46dd-a4bd-58d45d798256:autoScalingGroupName/ecommerce-facultad-asg:policyName/ecommerce-facultad-scale-down",
            "autoscaling_group_name": "ecommerce-facultad-asg",
            "cooldown": 300,
            "enabled": true,
            "estimated_instance_warmup": 0,
            "id": "ecommerce-facultad-scale-down",
            "metric_aggregation_type": "",
            "min_adjustment_magnitude": 0,
            "name": "ecommerce-facultad-scale-down",
            "policy_type": "SimpleScaling",
            "predictive_scaling_configuration": [],
            "scaling_adjustment": -1,
            "step_adjustment": [],
            "target_tracking_configuration": []
          },
          "sensitive_attributes": [],
          "identity_schema_version": 0,
          "private": "bnVsbA==",
          "dependencies": [
            "module.alb.aws_lb_target_group.app",
            "module.autoscaling.aws_autoscaling_group.app",
            "module.autoscaling.aws_launch_template.app",
            "module.network.aws_subnet.privada",
            "module.network.aws_vpc.principal",
            "module.security.aws_security_group.alb_sg",
            "module.security.aws_security_group.ec2_sg",
            "module.security.aws_security_group.rds_sg"
          ]
        }
      ]
    },
    {
      "module": "module.autoscaling",
      "mode": "managed",
      "type": "aws_autoscaling_policy",
      "name": "scale_up",
      "provider": "provider[\"registry.terraform.io/hashicorp/aws\"]",
      "instances": [
        {
          "schema_version": 0,
          "attributes": {
            "adjustment_type": "ChangeInCapacity",
            "arn": "arn:aws:autoscaling:us-east-1:055929692785:scalingPolicy:671a198d-c436-42f6-8094-a697db6b45f8:autoScalingGroupName/ecommerce-facultad-asg:policyName/ecommerce-facultad-scale-up",
            "autoscaling_group_name": "ecommerce-facultad-asg",
            "cooldown": 300,
            "enabled": true,
            "estimated_instance_warmup": 0,
            "id": "ecommerce-facultad-scale-up",
            "metric_aggregation_type": "",
            "min_adjustment_magnitude": 0,
            "name": "ecommerce-facultad-scale-up",
            "policy_type": "SimpleScaling",
            "predictive_scaling_configuration": [],
            "scaling_adjustment": 1,
            "step_adjustment": [],
            "target_tracking_configuration": []
          },
          "sensitive_attributes": [],
          "identity_schema_version": 0,
          "private": "bnVsbA==",
          "dependencies": [
            "module.alb.aws_lb_target_group.app",
            "module.autoscaling.aws_autoscaling_group.app",
            "module.autoscaling.aws_launch_template.app",
            "module.network.aws_subnet.privada",
            "module.network.aws_vpc.principal",
            "module.security.aws_security_group.alb_sg",
            "module.security.aws_security_group.ec2_sg",
            "module.security.aws_security_group.rds_sg"
          ]
        }
      ]
    },
    {
      "module": "module.autoscaling",
      "mode": "managed",
      "type": "aws_autoscaling_policy",
      "name": "scale_up_requests",
      "provider": "provider[\"registry.terraform.io/hashicorp/aws\"]",
      "instances": [
        {
          "schema_version": 0,
          "attributes": {
            "adjustment_type": "ChangeInCapacity",
            "arn": "arn:aws:autoscaling:us-east-1:055929692785:scalingPolicy:b2ad0b6e-06aa-40ed-9fac-cbad69dae69b:autoScalingGroupName/ecommerce-facultad-asg:policyName/ecommerce-facultad-scale-up-requests",
            "autoscaling_group_name": "ecommerce-facultad-asg",
            "cooldown": 180,
            "enabled": true,
            "estimated_instance_warmup": 0,
            "id": "ecommerce-facultad-scale-up-requests",
            "metric_aggregation_type": "",
            "min_adjustment_magnitude": 0,
            "name": "ecommerce-facultad-scale-up-requests",
            "policy_type": "SimpleScaling",
            "predictive_scaling_configuration": [],
            "scaling_adjustment": 2,
            "step_adjustment": [],
            "target_tracking_configuration": []
          },
          "sensitive_attributes": [],
          "identity_schema_version": 0,
          "private": "bnVsbA==",
          "dependencies": [
            "module.alb.aws_lb_target_group.app",
            "module.autoscaling.aws_autoscaling_group.app",
            "module.autoscaling.aws_launch_template.app",
            "module.network.aws_subnet.privada",
            "module.network.aws_vpc.principal",
            "module.security.aws_security_group.alb_sg",
            "module.security.aws_security_group.ec2_sg",
            "module.security.aws_security_group.rds_sg"
          ]
        }
      ]
    },
    {
      "module": "module.autoscaling",
      "mode": "managed",
      "type": "aws_cloudwatch_metric_alarm",
      "name": "cpu_high",
      "provider": "provider[\"registry.terraform.io/hashicorp/aws\"]",
      "instances": [
        {
          "schema_version": 1,
          "attributes": {
            "actions_enabled": true,
            "alarm_actions": [
              "arn:aws:autoscaling:us-east-1:055929692785:scalingPolicy:671a198d-c436-42f6-8094-a697db6b45f8:autoScalingGroupName/ecommerce-facultad-asg:policyName/ecommerce-facultad-scale-up"
            ],
            "alarm_description": "This metric monitors ec2 cpu utilization",
            "alarm_name": "ecommerce-facultad-cpu-high",
            "arn": "arn:aws:cloudwatch:us-east-1:055929692785:alarm:ecommerce-facultad-cpu-high",
            "comparison_operator": "GreaterThanThreshold",
            "datapoints_to_alarm": 0,
            "dimensions": {
              "AutoScalingGroupName": "ecommerce-facultad-asg"
            },
            "evaluate_low_sample_count_percentiles": "",
            "evaluation_periods": 2,
            "extended_statistic": "",
            "id": "ecommerce-facultad-cpu-high",
            "insufficient_data_actions": [],
            "metric_name": "CPUUtilization",
            "metric_query": [],
            "namespace": "AWS/EC2",
            "ok_actions": [],
            "period": 300,
            "statistic": "Average",
            "tags": {},
            "tags_all": {},
            "threshold": 70,
            "threshold_metric_id": "",
            "treat_missing_data": "missing",
            "unit": ""
          },
          "sensitive_attributes": [],
          "identity_schema_version": 0,
          "private": "eyJzY2hlbWFfdmVyc2lvbiI6IjEifQ==",
          "dependencies": [
            "module.alb.aws_lb_target_group.app",
            "module.autoscaling.aws_autoscaling_group.app",
            "module.autoscaling.aws_autoscaling_policy.scale_up",
            "module.autoscaling.aws_launch_template.app",
            "module.network.aws_subnet.privada",
            "module.network.aws_vpc.principal",
            "module.security.aws_security_group.alb_sg",
            "module.security.aws_security_group.ec2_sg",
            "module.security.aws_security_group.rds_sg"
          ]
        }
      ]
    },
    {
      "module": "module.autoscaling",
      "mode": "managed",
      "type": "aws_cloudwatch_metric_alarm",
      "name": "cpu_low",
      "provider": "provider[\"registry.terraform.io/hashicorp/aws\"]",
      "instances": [
        {
          "schema_version": 1,
          "attributes": {
            "actions_enabled": true,
            "alarm_actions": [
              "arn:aws:autoscaling:us-east-1:055929692785:scalingPolicy:a91d75df-d5f8-46dd-a4bd-58d45d798256:autoScalingGroupName/ecommerce-facultad-asg:policyName/ecommerce-facultad-scale-down"
            ],
            "alarm_description": "This metric monitors ec2 cpu utilization",
            "alarm_name": "ecommerce-facultad-cpu-low",
            "arn": "arn:aws:cloudwatch:us-east-1:055929692785:alarm:ecommerce-facultad-cpu-low",
            "comparison_operator": "LessThanThreshold",
            "datapoints_to_alarm": 0,
            "dimensions": {
              "AutoScalingGroupName": "ecommerce-facultad-asg"
            },
            "evaluate_low_sample_count_percentiles": "",
            "evaluation_periods": 2,
            "extended_statistic": "",
            "id": "ecommerce-facultad-cpu-low",
            "insufficient_data_actions": [],
            "metric_name": "CPUUtilization",
            "metric_query": [],
            "namespace": "AWS/EC2",
            "ok_actions": [],
            "period": 300,
            "statistic": "Average",
            "tags": {},
            "tags_all": {},
            "threshold": 20,
            "threshold_metric_id": "",
            "treat_missing_data": "missing",
            "unit": ""
          },
          "sensitive_attributes": [],
          "identity_schema_version": 0,
          "private": "eyJzY2hlbWFfdmVyc2lvbiI6IjEifQ==",
          "dependencies": [
            "module.alb.aws_lb_target_group.app",
            "module.autoscaling.aws_autoscaling_group.app",
            "module.autoscaling.aws_autoscaling_policy.scale_down",
            "module.autoscaling.aws_launch_template.app",
            "module.network.aws_subnet.privada",
            "module.network.aws_vpc.principal",
            "module.security.aws_security_group.alb_sg",
            "module.security.aws_security_group.ec2_sg",
            "module.security.aws_security_group.rds_sg"
          ]
        }
      ]
    },
    {
      "module": "module.autoscaling",
      "mode": "managed",
      "type": "aws_cloudwatch_metric_alarm",
      "name": "request_count_high",
      "provider": "provider[\"registry.terraform.io/hashicorp/aws\"]",
      "instances": [
        {
          "schema_version": 1,
          "attributes": {
            "actions_enabled": true,
            "alarm_actions": [
              "arn:aws:autoscaling:us-east-1:055929692785:scalingPolicy:b2ad0b6e-06aa-40ed-9fac-cbad69dae69b:autoScalingGroupName/ecommerce-facultad-asg:policyName/ecommerce-facultad-scale-up-requests"
            ],
            "alarm_description": "High request count - Black Friday scenario",
            "alarm_name": "ecommerce-facultad-request-count-high",
            "arn": "arn:aws:cloudwatch:us-east-1:055929692785:alarm:ecommerce-facultad-request-count-high",
            "comparison_operator": "GreaterThanThreshold",
            "datapoints_to_alarm": 0,
            "dimensions": {
              "LoadBalancer": "app"
            },
            "evaluate_low_sample_count_percentiles": "",
            "evaluation_periods": 1,
            "extended_statistic": "",
            "id": "ecommerce-facultad-request-count-high",
            "insufficient_data_actions": [],
            "metric_name": "RequestCount",
            "metric_query": [],
            "namespace": "AWS/ApplicationELB",
            "ok_actions": [],
            "period": 60,
            "statistic": "Sum",
            "tags": {},
            "tags_all": {},
            "threshold": 1000,
            "threshold_metric_id": "",
            "treat_missing_data": "missing",
            "unit": ""
          },
          "sensitive_attributes": [],
          "identity_schema_version": 0,
          "private": "eyJzY2hlbWFfdmVyc2lvbiI6IjEifQ==",
          "dependencies": [
            "module.alb.aws_lb.principal",
            "module.alb.aws_lb_target_group.app",
            "module.alb.aws_security_group.alb",
            "module.autoscaling.aws_autoscaling_group.app",
            "module.autoscaling.aws_autoscaling_policy.scale_up_requests",
            "module.autoscaling.aws_launch_template.app",
            "module.network.aws_subnet.privada",
            "module.network.aws_subnet.publica",
            "module.network.aws_vpc.principal",
            "module.security.aws_security_group.alb_sg",
            "module.security.aws_security_group.ec2_sg",
            "module.security.aws_security_group.rds_sg"
          ]
        }
      ]
    },
    {
      "module": "module.autoscaling",
      "mode": "managed",
      "type": "aws_launch_template",
      "name": "app",
      "provider": "provider[\"registry.terraform.io/hashicorp/aws\"]",
      "instances": [
        {
          "schema_version": 0,
          "attributes": {
            "arn": "arn:aws:ec2:us-east-1:055929692785:launch-template/lt-092a1a68f4e118cf1",
            "block_device_mappings": [],
            "capacity_reservation_specification": [],
            "cpu_options": [],
            "credit_specification": [],
            "default_version": 1,
            "description": "",
            "disable_api_stop": false,
            "disable_api_termination": false,
            "ebs_optimized": "",
            "elastic_gpu_specifications": [],
            "elastic_inference_accelerator": [],
            "enclave_options": [],
            "hibernation_options": [],
            "iam_instance_profile": [],
            "id": "lt-092a1a68f4e118cf1",
            "image_id": "ami-0c02fb55956c7d316",
            "instance_initiated_shutdown_behavior": "",
            "instance_market_options": [],
            "instance_requirements": [],
            "instance_type": "t3.micro",
            "kernel_id": "",
            "key_name": "ecommerce-key",
            "latest_version": 1,
            "license_specification": [],
            "maintenance_options": [],
            "metadata_options": [],
            "monitoring": [],
            "name": "ecommerce-facultad-app-20250920203703244100000005",
            "name_prefix": "ecommerce-facultad-app-",
            "network_interfaces": [],
            "placement": [],
            "private_dns_name_options": [],
            "ram_disk_id": "",
            "security_group_names": [],
            "tag_specifications": [
              {
                "resource_type": "instance",
                "tags": {
                  "Name": "ecommerce-facultad-app",
                  "Proyecto": "ecommerce-facultad"
                }
              }
            ],
            "tags": {
              "Name": "ecommerce-facultad-launch-template",
              "Proyecto": "ecommerce-facultad"
            },
            "tags_all": {
              "Name": "ecommerce-facultad-launch-template",
              "Proyecto": "ecommerce-facultad"
            },
            "update_default_version": null,
            "user_data": "IyEvYmluL2Jhc2gKCiMgU2NyaXB0IGRlIGluaWNpYWxpemFjacOzbiBwYXJhIGluc3RhbmNpYXMgZGUgZWNvbW1lcmNlCiMgT3B0aW1pemFkbyBwYXJhIGFsdGEgZGlzcG9uaWJpbGlkYWQgeSBwZXJmb3JtYW5jZQoKIyBBY3R1YWxpemFyIHNpc3RlbWEKeXVtIHVwZGF0ZSAteQoKIyBJbnN0YWxhciBoZXJyYW1pZW50YXMgYsOhc2ljYXMKeXVtIGluc3RhbGwgLXkgaHRvcCBpb3RvcCBubG9hZAoKIyBDb25maWd1cmFyIE5naW54IChlamVtcGxvIGRlIGFwbGljYWNpw7NuIHdlYikKeXVtIGluc3RhbGwgLXkgbmdpbngKCiMgQ3JlYXIgZGlyZWN0b3JpbyBwYXJhIGxhIGFwbGljYWNpw7NuCm1rZGlyIC1wIC92YXIvd3d3L2Vjb21tZXJjZS1mYWN1bHRhZAoKIyBDb25maWd1cmFyIE5naW54IHBhcmEgbGEgYXBsaWNhY2nDs24KY2F0ID4gL2V0Yy9uZ2lueC9jb25mLmQvZWNvbW1lcmNlLWZhY3VsdGFkLmNvbmYgPDwgRU9GCnNlcnZlciB7CiAgICBsaXN0ZW4gODA7CiAgICBzZXJ2ZXJfbmFtZSBfOwogICAgCiAgICBsb2NhdGlvbiAvIHsKICAgICAgICByb290IC92YXIvd3d3L2Vjb21tZXJjZS1mYWN1bHRhZDsKICAgICAgICBpbmRleCBpbmRleC5odG1sOwogICAgICAgIHRyeV9maWxlcyBcJHVyaSBcJHVyaS8gPTQwNDsKICAgIH0KICAgIAogICAgIyBIZWFsdGggY2hlY2sgZW5kcG9pbnQKICAgIGxvY2F0aW9uIC9oZWFsdGggewogICAgICAgIGFjY2Vzc19sb2cgb2ZmOwogICAgICAgIHJldHVybiAyMDAgImhlYWx0aHlcbiI7CiAgICAgICAgYWRkX2hlYWRlciBDb250ZW50LVR5cGUgdGV4dC9wbGFpbjsKICAgIH0KfQpFT0YKCiMgQ3JlYXIgcMOhZ2luYSBkZSBlamVtcGxvCmNhdCA+IC92YXIvd3d3L2Vjb21tZXJjZS1mYWN1bHRhZC9pbmRleC5odG1sIDw8IEVPRgo8IURPQ1RZUEUgaHRtbD4KPGh0bWw+CjxoZWFkPgogICAgPHRpdGxlPmVjb21tZXJjZS1mYWN1bHRhZCAtIEVjb21tZXJjZTwvdGl0bGU+CjwvaGVhZD4KPGJvZHk+CiAgICA8aDE+QmllbnZlbmlkbyBhIGVjb21tZXJjZS1mYWN1bHRhZDwvaDE+CiAgICA8cD5JbnN0YW5jaWE6IFwkKGhvc3RuYW1lKTwvcD4KICAgIDxwPkZlY2hhOiBcJChkYXRlKTwvcD4KPC9ib2R5Pgo8L2h0bWw+CkVPRgoKIyBDb25maWd1cmFyIHBlcm1pc29zCmNob3duIC1SIG5naW54Om5naW54IC92YXIvd3d3L2Vjb21tZXJjZS1mYWN1bHRhZApjaG1vZCAtUiA3NTUgL3Zhci93d3cvZWNvbW1lcmNlLWZhY3VsdGFkCgojIEluaWNpYXIgeSBoYWJpbGl0YXIgTmdpbngKc3lzdGVtY3RsIHN0YXJ0IG5naW54CnN5c3RlbWN0bCBlbmFibGUgbmdpbngKCiMgQ29uZmlndXJhciBDbG91ZFdhdGNoIGFnZW50IHBhcmEgbW9uaXRvcmVvCnl1bSBpbnN0YWxsIC15IGFtYXpvbi1jbG91ZHdhdGNoLWFnZW50CgojIENyZWFyIGNvbmZpZ3VyYWNpw7NuIGLDoXNpY2EgZGUgQ2xvdWRXYXRjaApjYXQgPiAvb3B0L2F3cy9hbWF6b24tY2xvdWR3YXRjaC1hZ2VudC9ldGMvYW1hem9uLWNsb3Vkd2F0Y2gtYWdlbnQuanNvbiA8PCBFT0YKewogICAgIm1ldHJpY3MiOiB7CiAgICAgICAgIm5hbWVzcGFjZSI6ICJDV0FnZW50IiwKICAgICAgICAibWV0cmljc19jb2xsZWN0ZWQiOiB7CiAgICAgICAgICAgICJjcHUiOiB7CiAgICAgICAgICAgICAgICAibWVhc3VyZW1lbnQiOiBbImNwdV91c2FnZV9pZGxlIiwgImNwdV91c2FnZV9pb3dhaXQiLCAiY3B1X3VzYWdlX3VzZXIiLCAiY3B1X3VzYWdlX3N5c3RlbSJdLAogICAgICAgICAgICAgICAgIm1ldHJpY3NfY29sbGVjdGlvbl9pbnRlcnZhbCI6IDYwCiAgICAgICAgICAgIH0sCiAgICAgICAgICAgICJkaXNrIjogewogICAgICAgICAgICAgICAgIm1lYXN1cmVtZW50IjogWyJ1c2VkX3BlcmNlbnQiXSwKICAgICAgICAgICAgICAgICJtZXRyaWNzX2NvbGxlY3Rpb25faW50ZXJ2YWwiOiA2MCwKICAgICAgICAgICAgICAgICJyZXNvdXJjZXMiOiBbIioiXQogICAgICAgICAgICB9LAogICAgICAgICAgICAibWVtIjogewogICAgICAgICAgICAgICAgIm1lYXN1cmVtZW50IjogWyJtZW1fdXNlZF9wZXJjZW50Il0sCiAgICAgICAgICAgICAgICAibWV0cmljc19jb2xsZWN0aW9uX2ludGVydmFsIjogNjAKICAgICAgICAgICAgfQogICAgICAgIH0KICAgIH0KfQpFT0YKCiMgSW5pY2lhciBDbG91ZFdhdGNoIGFnZW50Ci9vcHQvYXdzL2FtYXpvbi1jbG91ZHdhdGNoLWFnZW50L2Jpbi9hbWF6b24tY2xvdWR3YXRjaC1hZ2VudC1jdGwgXAogICAgLWEgZmV0Y2gtY29uZmlnIFwKICAgIC1tIGVjMiBcCiAgICAtYyBmaWxlOi9vcHQvYXdzL2FtYXpvbi1jbG91ZHdhdGNoLWFnZW50L2V0Yy9hbWF6b24tY2xvdWR3YXRjaC1hZ2VudC5qc29uIFwKICAgIC1zCgojIExvZyBkZSBpbmljaWFsaXphY2nDs24KZWNobyAiJChkYXRlKTogSW5zdGFuY2lhIGVjb21tZXJjZS1mYWN1bHRhZCBpbmljaWFsaXphZGEgY29ycmVjdGFtZW50ZSIgPj4gL3Zhci9sb2cvdXNlci1kYXRhLmxvZwo=",
            "vpc_security_group_ids": [
              "sg-07dc6f2d1e23cedd5"
            ]
          },
          "sensitive_attributes": [],
          "identity_schema_version": 0,
          "private": "bnVsbA==",
          "dependencies": [
            "module.network.aws_vpc.principal",
            "module.security.aws_security_group.alb_sg",
            "module.security.aws_security_group.ec2_sg",
            "module.security.aws_security_group.rds_sg"
          ]
        }
      ]
    },
    {
      "module": "module.compute",
      "mode": "managed",
      "type": "aws_instance",
      "name": "app_server",
      "provider": "provider[\"registry.terraform.io/hashicorp/aws\"]",
      "instances": [
        {
          "schema_version": 1,
          "attributes": {
            "ami": "ami-0c02fb55956c7d316",
            "arn": "arn:aws:ec2:us-east-1:055929692785:instance/i-063c4902c1b01eb95",
            "associate_public_ip_address": false,
            "availability_zone": "us-east-1a",
            "capacity_reservation_specification": [
              {
                "capacity_reservation_preference": "open",
                "capacity_reservation_target": []
              }
            ],
            "cpu_core_count": 1,
            "cpu_options": [
              {
                "amd_sev_snp": "",
                "core_count": 1,
                "threads_per_core": 2
              }
            ],
            "cpu_threads_per_core": 2,
            "credit_specification": [
              {
                "cpu_credits": "unlimited"
              }
            ],
            "disable_api_stop": false,
            "disable_api_termination": false,
            "ebs_block_device": [],
            "ebs_optimized": false,
            "enable_primary_ipv6": null,
            "enclave_options": [
              {
                "enabled": false
              }
            ],
            "ephemeral_block_device": [],
            "get_password_data": false,
            "hibernation": false,
            "host_id": "",
            "host_resource_group_arn": null,
            "iam_instance_profile": "",
            "id": "i-063c4902c1b01eb95",
            "instance_initiated_shutdown_behavior": "stop",
            "instance_lifecycle": "",
            "instance_market_options": [],
            "instance_state": "running",
            "instance_type": "t3.micro",
            "ipv6_address_count": 0,
            "ipv6_addresses": [],
            "key_name": "ecommerce-key",
            "launch_template": [],
            "maintenance_options": [
              {
                "auto_recovery": "default"
              }
            ],
            "metadata_options": [
              {
                "http_endpoint": "enabled",
                "http_protocol_ipv6": "disabled",
                "http_put_response_hop_limit": 1,
                "http_tokens": "optional",
                "instance_metadata_tags": "disabled"
              }
            ],
            "monitoring": false,
            "network_interface": [],
            "outpost_arn": "",
            "password_data": "",
            "placement_group": "",
            "placement_partition_number": 0,
            "primary_network_interface_id": "eni-04ae27fdce2ccfe07",
            "private_dns": "ip-10-0-10-158.ec2.internal",
            "private_dns_name_options": [
              {
                "enable_resource_name_dns_a_record": false,
                "enable_resource_name_dns_aaaa_record": false,
                "hostname_type": "ip-name"
              }
            ],
            "private_ip": "10.0.10.158",
            "public_dns": "",
            "public_ip": "",
            "root_block_device": [
              {
                "delete_on_termination": true,
                "device_name": "/dev/xvda",
                "encrypted": false,
                "iops": 100,
                "kms_key_id": "",
                "tags": {},
                "tags_all": {},
                "throughput": 0,
                "volume_id": "vol-0f88c45427f1515b5",
                "volume_size": 8,
                "volume_type": "gp2"
              }
            ],
            "secondary_private_ips": [],
            "security_groups": [],
            "source_dest_check": true,
            "spot_instance_request_id": "",
            "subnet_id": "subnet-085272c30ced00a1f",
            "tags": {
              "Name": "ecommerce-facultad-ec2-app"
            },
            "tags_all": {
              "Name": "ecommerce-facultad-ec2-app"
            },
            "tenancy": "default",
            "timeouts": null,
            "user_data": null,
            "user_data_base64": null,
            "user_data_replace_on_change": false,
            "volume_tags": null,
            "vpc_security_group_ids": [
              "sg-07dc6f2d1e23cedd5"
            ]
          },
          "sensitive_attributes": [],
          "identity_schema_version": 0,
          "private": "eyJlMmJmYjczMC1lY2FhLTExZTYtOGY4OC0zNDM2M2JjN2M0YzAiOnsiY3JlYXRlIjo2MDAwMDAwMDAwMDAsImRlbGV0ZSI6MTIwMDAwMDAwMDAwMCwicmVhZCI6OTAwMDAwMDAwMDAwLCJ1cGRhdGUiOjYwMDAwMDAwMDAwMH0sInNjaGVtYV92ZXJzaW9uIjoiMSJ9",
          "dependencies": [
            "module.network.aws_subnet.privada",
            "module.network.aws_vpc.principal",
            "module.security.aws_security_group.alb_sg",
            "module.security.aws_security_group.ec2_sg",
            "module.security.aws_security_group.rds_sg"
          ]
        }
      ]
    },
    {
      "module": "module.compute",
      "mode": "managed",
      "type": "aws_instance",
      "name": "bastion",
      "provider": "provider[\"registry.terraform.io/hashicorp/aws\"]",
      "instances": [
        {
          "index_key": 0,
          "schema_version": 1,
          "attributes": {
            "ami": "ami-0c02fb55956c7d316",
            "arn": "arn:aws:ec2:us-east-1:055929692785:instance/i-0795d030f2c09ac03",
            "associate_public_ip_address": true,
            "availability_zone": "us-east-1a",
            "capacity_reservation_specification": [
              {
                "capacity_reservation_preference": "open",
                "capacity_reservation_target": []
              }
            ],
            "cpu_core_count": 1,
            "cpu_options": [
              {
                "amd_sev_snp": "",
                "core_count": 1,
                "threads_per_core": 2
              }
            ],
            "cpu_threads_per_core": 2,
            "credit_specification": [
              {
                "cpu_credits": "unlimited"
              }
            ],
            "disable_api_stop": false,
            "disable_api_termination": false,
            "ebs_block_device": [],
            "ebs_optimized": false,
            "enable_primary_ipv6": null,
            "enclave_options": [
              {
                "enabled": false
              }
            ],
            "ephemeral_block_device": [],
            "get_password_data": false,
            "hibernation": false,
            "host_id": "",
            "host_resource_group_arn": null,
            "iam_instance_profile": "",
            "id": "i-0795d030f2c09ac03",
            "instance_initiated_shutdown_behavior": "stop",
            "instance_lifecycle": "",
            "instance_market_options": [],
            "instance_state": "running",
            "instance_type": "t3.micro",
            "ipv6_address_count": 0,
            "ipv6_addresses": [],
            "key_name": "ecommerce-key",
            "launch_template": [],
            "maintenance_options": [
              {
                "auto_recovery": "default"
              }
            ],
            "metadata_options": [
              {
                "http_endpoint": "enabled",
                "http_protocol_ipv6": "disabled",
                "http_put_response_hop_limit": 1,
                "http_tokens": "optional",
                "instance_metadata_tags": "disabled"
              }
            ],
            "monitoring": false,
            "network_interface": [],
            "outpost_arn": "",
            "password_data": "",
            "placement_group": "",
            "placement_partition_number": 0,
            "primary_network_interface_id": "eni-05caf6cfd5a885547",
            "private_dns": "ip-10-0-1-17.ec2.internal",
            "private_dns_name_options": [
              {
                "enable_resource_name_dns_a_record": false,
                "enable_resource_name_dns_aaaa_record": false,
                "hostname_type": "ip-name"
              }
            ],
            "private_ip": "10.0.1.17",
            "public_dns": "ec2-34-228-54-226.compute-1.amazonaws.com",
            "public_ip": "34.228.54.226",
            "root_block_device": [
              {
                "delete_on_termination": true,
                "device_name": "/dev/xvda",
                "encrypted": false,
                "iops": 100,
                "kms_key_id": "",
                "tags": {},
                "tags_all": {},
                "throughput": 0,
                "volume_id": "vol-0311ec23c84c05a10",
                "volume_size": 8,
                "volume_type": "gp2"
              }
            ],
            "secondary_private_ips": [],
            "security_groups": [],
            "source_dest_check": true,
            "spot_instance_request_id": "",
            "subnet_id": "subnet-0d3175f7886eebb63",
            "tags": {
              "Name": "ecommerce-facultad-bastion"
            },
            "tags_all": {
              "Name": "ecommerce-facultad-bastion"
            },
            "tenancy": "default",
            "timeouts": null,
            "user_data": null,
            "user_data_base64": null,
            "user_data_replace_on_change": false,
            "volume_tags": null,
            "vpc_security_group_ids": [
              "sg-07dc6f2d1e23cedd5"
            ]
          },
          "sensitive_attributes": [],
          "identity_schema_version": 0,
          "private": "eyJlMmJmYjczMC1lY2FhLTExZTYtOGY4OC0zNDM2M2JjN2M0YzAiOnsiY3JlYXRlIjo2MDAwMDAwMDAwMDAsImRlbGV0ZSI6MTIwMDAwMDAwMDAwMCwicmVhZCI6OTAwMDAwMDAwMDAwLCJ1cGRhdGUiOjYwMDAwMDAwMDAwMH0sInNjaGVtYV92ZXJzaW9uIjoiMSJ9",
          "dependencies": [
            "module.network.aws_subnet.publica",
            "module.network.aws_vpc.principal",
            "module.security.aws_security_group.alb_sg",
            "module.security.aws_security_group.ec2_sg",
            "module.security.aws_security_group.rds_sg"
          ]
        }
      ]
    },
    {
      "module": "module.monitoring",
      "mode": "managed",
      "type": "aws_cloudwatch_dashboard",
      "name": "black_friday",
      "provider": "provider[\"registry.terraform.io/hashicorp/aws\"]",
      "instances": [
        {
          "schema_version": 0,
          "attributes": {
            "dashboard_arn": "arn:aws:cloudwatch::055929692785:dashboard/ecommerce-facultad-black-friday-dashboard",
            "dashboard_body": "{\"widgets\":[{\"height\":6,\"properties\":{\"metrics\":[[\"AWS/ApplicationELB\",\"RequestCount\",\"LoadBalancer\",\"app/ecommerce-facultad-alb/40fe295acffd779a\"],[\".\",\"TargetResponseTime\",\".\",\".\"],[\".\",\"HTTPCode_Target_2XX_Count\",\".\",\".\"],[\".\",\"HTTPCode_Target_4XX_Count\",\".\",\".\"],[\".\",\"HTTPCode_Target_5XX_Count\",\".\",\".\"]],\"period\":300,\"region\":\"us-east-1\",\"stacked\":false,\"title\":\"ALB Metrics - Black Friday\",\"view\":\"timeSeries\"},\"type\":\"metric\",\"width\":12,\"x\":0,\"y\":0},{\"height\":6,\"properties\":{\"metrics\":[[\"AWS/EC2\",\"CPUUtilization\",\"AutoScalingGroupName\",\"ecommerce-facultad-asg\"],[\".\",\"NetworkIn\",\".\",\".\"],[\".\",\"NetworkOut\",\".\",\".\"]],\"period\":300,\"region\":\"us-east-1\",\"stacked\":false,\"title\":\"EC2 Metrics - Auto Scaling\",\"view\":\"timeSeries\"},\"type\":\"metric\",\"width\":12,\"x\":12,\"y\":0},{\"height\":6,\"properties\":{\"metrics\":[[\"AWS/RDS\",\"CPUUtilization\",\"DBInstanceIdentifier\",\"ecommerce-facultad-db\"],[\".\",\"DatabaseConnections\",\".\",\".\"],[\".\",\"FreeableMemory\",\".\",\".\"],[\".\",\"FreeStorageSpace\",\".\",\".\"]],\"period\":300,\"region\":\"us-east-1\",\"stacked\":false,\"title\":\"RDS Metrics - Database Performance\",\"view\":\"timeSeries\"},\"type\":\"metric\",\"width\":12,\"x\":0,\"y\":6},{\"height\":6,\"properties\":{\"metrics\":[[\"AWS/ApplicationELB\",\"RequestCount\",\"LoadBalancer\",\"app/ecommerce-facultad-alb/40fe295acffd779a\"],[\".\",\"TargetResponseTime\",\".\",\".\"]],\"period\":300,\"region\":\"us-east-1\",\"stacked\":false,\"title\":\"ALB Performance - Load Balancer\",\"view\":\"timeSeries\"},\"type\":\"metric\",\"width\":12,\"x\":12,\"y\":6}]}",
            "dashboard_name": "ecommerce-facultad-black-friday-dashboard",
            "id": "ecommerce-facultad-black-friday-dashboard"
          },
          "sensitive_attributes": [],
          "identity_schema_version": 0,
          "private": "bnVsbA==",
          "dependencies": [
            "module.alb.aws_lb.principal",
            "module.alb.aws_lb_target_group.app",
            "module.alb.aws_security_group.alb",
            "module.autoscaling.aws_autoscaling_group.app",
            "module.autoscaling.aws_launch_template.app",
            "module.certificado_acm.aws_acm_certificate.cloudfront_cert",
            "module.cloudfront.aws_cloudfront_distribution.principal",
            "module.network.aws_subnet.privada",
            "module.network.aws_subnet.publica",
            "module.network.aws_vpc.principal",
            "module.rds.aws_db_instance.principal",
            "module.rds.aws_db_subnet_group.subnet_group",
            "module.rds.aws_iam_role.rds_enhanced_monitoring",
            "module.security.aws_kms_key.principal",
            "module.security.aws_security_group.alb_sg",
            "module.security.aws_security_group.ec2_sg",
            "module.security.aws_security_group.rds_sg"
          ]
        }
      ]
    },
    {
      "module": "module.monitoring",
      "mode": "managed",
      "type": "aws_cloudwatch_log_group",
      "name": "app_logs",
      "provider": "provider[\"registry.terraform.io/hashicorp/aws\"]",
      "instances": [
        {
          "schema_version": 0,
          "attributes": {
            "arn": "arn:aws:logs:us-east-1:055929692785:log-group:/aws/ec2/ecommerce-facultad",
            "id": "/aws/ec2/ecommerce-facultad",
            "kms_key_id": "",
            "log_group_class": "STANDARD",
            "name": "/aws/ec2/ecommerce-facultad",
            "name_prefix": "",
            "retention_in_days": 30,
            "skip_destroy": false,
            "tags": {
              "Proyecto": "ecommerce-facultad"
            },
            "tags_all": {
              "Proyecto": "ecommerce-facultad"
            }
          },
          "sensitive_attributes": [],
          "identity_schema_version": 0,
          "private": "bnVsbA=="
        }
      ]
    },
    {
      "module": "module.monitoring",
      "mode": "managed",
      "type": "aws_cloudwatch_log_metric_filter",
      "name": "order_created",
      "provider": "provider[\"registry.terraform.io/hashicorp/aws\"]",
      "instances": [
        {
          "schema_version": 0,
          "attributes": {
            "id": "ecommerce-facultad-order-created",
            "log_group_name": "/aws/ec2/ecommerce-facultad",
            "metric_transformation": [
              {
                "default_value": "",
                "dimensions": {},
                "name": "OrdersCreated",
                "namespace": "Ecommerce/Business",
                "unit": "None",
                "value": "1"
              }
            ],
            "name": "ecommerce-facultad-order-created",
            "pattern": "[timestamp, request_id, level=\"INFO\", message=\"Order created\", order_id, customer_id, amount]"
          },
          "sensitive_attributes": [],
          "identity_schema_version": 0,
          "private": "bnVsbA==",
          "dependencies": [
            "module.monitoring.aws_cloudwatch_log_group.app_logs"
          ]
        }
      ]
    },
    {
      "module": "module.monitoring",
      "mode": "managed",
      "type": "aws_cloudwatch_log_metric_filter",
      "name": "payment_success",
      "provider": "provider[\"registry.terraform.io/hashicorp/aws\"]",
      "instances": [
        {
          "schema_version": 0,
          "attributes": {
            "id": "ecommerce-facultad-payment-success",
            "log_group_name": "/aws/ec2/ecommerce-facultad",
            "metric_transformation": [
              {
                "default_value": "",
                "dimensions": {},
                "name": "PaymentsSuccessful",
                "namespace": "Ecommerce/Business",
                "unit": "None",
                "value": "1"
              }
            ],
            "name": "ecommerce-facultad-payment-success",
            "pattern": "[timestamp, request_id, level=\"INFO\", message=\"Payment successful\", order_id, amount]"
          },
          "sensitive_attributes": [],
          "identity_schema_version": 0,
          "private": "bnVsbA==",
          "dependencies": [
            "module.monitoring.aws_cloudwatch_log_group.app_logs"
          ]
        }
      ]
    },
    {
      "module": "module.monitoring",
      "mode": "managed",
      "type": "aws_cloudwatch_metric_alarm",
      "name": "high_error_rate",
      "provider": "provider[\"registry.terraform.io/hashicorp/aws\"]",
      "instances": [
        {
          "schema_version": 1,
          "attributes": {
            "actions_enabled": true,
            "alarm_actions": [
              "arn:aws:sns:us-east-1:055929692785:ecommerce-facultad-black-friday-alerts"
            ],
            "alarm_description": "High 5XX error rate detected",
            "alarm_name": "ecommerce-facultad-high-error-rate",
            "arn": "arn:aws:cloudwatch:us-east-1:055929692785:alarm:ecommerce-facultad-high-error-rate",
            "comparison_operator": "GreaterThanThreshold",
            "datapoints_to_alarm": 0,
            "dimensions": {
              "LoadBalancer": "app/ecommerce-facultad-alb/40fe295acffd779a"
            },
            "evaluate_low_sample_count_percentiles": "",
            "evaluation_periods": 2,
            "extended_statistic": "",
            "id": "ecommerce-facultad-high-error-rate",
            "insufficient_data_actions": [],
            "metric_name": "HTTPCode_Target_5XX_Count",
            "metric_query": [],
            "namespace": "AWS/ApplicationELB",
            "ok_actions": [],
            "period": 300,
            "statistic": "Sum",
            "tags": {},
            "tags_all": {},
            "threshold": 50,
            "threshold_metric_id": "",
            "treat_missing_data": "missing",
            "unit": ""
          },
          "sensitive_attributes": [],
          "identity_schema_version": 0,
          "private": "eyJzY2hlbWFfdmVyc2lvbiI6IjEifQ==",
          "dependencies": [
            "module.alb.aws_lb.principal",
            "module.alb.aws_security_group.alb",
            "module.monitoring.aws_sns_topic.alerts",
            "module.network.aws_subnet.publica",
            "module.network.aws_vpc.principal"
          ]
        }
      ]
    },
    {
      "module": "module.monitoring",
      "mode": "managed",
      "type": "aws_cloudwatch_metric_alarm",
      "name": "high_order_volume",
      "provider": "provider[\"registry.terraform.io/hashicorp/aws\"]",
      "instances": [
        {
          "schema_version": 1,
          "attributes": {
            "actions_enabled": true,
            "alarm_actions": [
              "arn:aws:sns:us-east-1:055929692785:ecommerce-facultad-black-friday-alerts"
            ],
            "alarm_description": "High order volume detected - Black Friday scenario",
            "alarm_name": "ecommerce-facultad-high-order-volume",
            "arn": "arn:aws:cloudwatch:us-east-1:055929692785:alarm:ecommerce-facultad-high-order-volume",
            "comparison_operator": "GreaterThanThreshold",
            "datapoints_to_alarm": 0,
            "dimensions": {},
            "evaluate_low_sample_count_percentiles": "",
            "evaluation_periods": 1,
            "extended_statistic": "",
            "id": "ecommerce-facultad-high-order-volume",
            "insufficient_data_actions": [],
            "metric_name": "OrdersCreated",
            "metric_query": [],
            "namespace": "Ecommerce/Business",
            "ok_actions": [],
            "period": 300,
            "statistic": "Sum",
            "tags": {},
            "tags_all": {},
            "threshold": 100,
            "threshold_metric_id": "",
            "treat_missing_data": "missing",
            "unit": ""
          },
          "sensitive_attributes": [],
          "identity_schema_version": 0,
          "private": "eyJzY2hlbWFfdmVyc2lvbiI6IjEifQ==",
          "dependencies": [
            "module.monitoring.aws_sns_topic.alerts"
          ]
        }
      ]
    },
    {
      "module": "module.monitoring",
      "mode": "managed",
      "type": "aws_cloudwatch_metric_alarm",
      "name": "high_response_time",
      "provider": "provider[\"registry.terraform.io/hashicorp/aws\"]",
      "instances": [
        {
          "schema_version": 1,
          "attributes": {
            "actions_enabled": true,
            "alarm_actions": [
              "arn:aws:sns:us-east-1:055929692785:ecommerce-facultad-black-friday-alerts"
            ],
            "alarm_description": "High response time detected",
            "alarm_name": "ecommerce-facultad-high-response-time",
            "arn": "arn:aws:cloudwatch:us-east-1:055929692785:alarm:ecommerce-facultad-high-response-time",
            "comparison_operator": "GreaterThanThreshold",
            "datapoints_to_alarm": 0,
            "dimensions": {
              "LoadBalancer": "app/ecommerce-facultad-alb/40fe295acffd779a"
            },
            "evaluate_low_sample_count_percentiles": "",
            "evaluation_periods": 2,
            "extended_statistic": "",
            "id": "ecommerce-facultad-high-response-time",
            "insufficient_data_actions": [],
            "metric_name": "TargetResponseTime",
            "metric_query": [],
            "namespace": "AWS/ApplicationELB",
            "ok_actions": [],
            "period": 300,
            "statistic": "Average",
            "tags": {},
            "tags_all": {},
            "threshold": 2,
            "threshold_metric_id": "",
            "treat_missing_data": "missing",
            "unit": ""
          },
          "sensitive_attributes": [],
          "identity_schema_version": 0,
          "private": "eyJzY2hlbWFfdmVyc2lvbiI6IjEifQ==",
          "dependencies": [
            "module.alb.aws_lb.principal",
            "module.alb.aws_security_group.alb",
            "module.monitoring.aws_sns_topic.alerts",
            "module.network.aws_subnet.publica",
            "module.network.aws_vpc.principal"
          ]
        }
      ]
    },
    {
      "module": "module.monitoring",
      "mode": "managed",
      "type": "aws_cloudwatch_metric_alarm",
      "name": "rds_high_cpu",
      "provider": "provider[\"registry.terraform.io/hashicorp/aws\"]",
      "instances": [
        {
          "schema_version": 1,
          "attributes": {
            "actions_enabled": true,
            "alarm_actions": [
              "arn:aws:sns:us-east-1:055929692785:ecommerce-facultad-black-friday-alerts"
            ],
            "alarm_description": "RDS high CPU utilization",
            "alarm_name": "ecommerce-facultad-rds-high-cpu",
            "arn": "arn:aws:cloudwatch:us-east-1:055929692785:alarm:ecommerce-facultad-rds-high-cpu",
            "comparison_operator": "GreaterThanThreshold",
            "datapoints_to_alarm": 0,
            "dimensions": {
              "DBInstanceIdentifier": "ecommerce-facultad-db"
            },
            "evaluate_low_sample_count_percentiles": "",
            "evaluation_periods": 2,
            "extended_statistic": "",
            "id": "ecommerce-facultad-rds-high-cpu",
            "insufficient_data_actions": [],
            "metric_name": "CPUUtilization",
            "metric_query": [],
            "namespace": "AWS/RDS",
            "ok_actions": [],
            "period": 300,
            "statistic": "Average",
            "tags": {},
            "tags_all": {},
            "threshold": 80,
            "threshold_metric_id": "",
            "treat_missing_data": "missing",
            "unit": ""
          },
          "sensitive_attributes": [],
          "identity_schema_version": 0,
          "private": "eyJzY2hlbWFfdmVyc2lvbiI6IjEifQ==",
          "dependencies": [
            "module.monitoring.aws_sns_topic.alerts",
            "module.network.aws_subnet.privada",
            "module.network.aws_vpc.principal",
            "module.rds.aws_db_instance.principal",
            "module.rds.aws_db_subnet_group.subnet_group",
            "module.rds.aws_iam_role.rds_enhanced_monitoring",
            "module.security.aws_kms_key.principal",
            "module.security.aws_security_group.alb_sg",
            "module.security.aws_security_group.ec2_sg",
            "module.security.aws_security_group.rds_sg"
          ]
        }
      ]
    },
    {
      "module": "module.monitoring",
      "mode": "managed",
      "type": "aws_sns_topic",
      "name": "alerts",
      "provider": "provider[\"registry.terraform.io/hashicorp/aws\"]",
      "instances": [
        {
          "schema_version": 0,
          "attributes": {
            "application_failure_feedback_role_arn": "",
            "application_success_feedback_role_arn": "",
            "application_success_feedback_sample_rate": 0,
            "archive_policy": "",
            "arn": "arn:aws:sns:us-east-1:055929692785:ecommerce-facultad-black-friday-alerts",
            "beginning_archive_time": "",
            "content_based_deduplication": false,
            "delivery_policy": "",
            "display_name": "",
            "fifo_topic": false,
            "firehose_failure_feedback_role_arn": "",
            "firehose_success_feedback_role_arn": "",
            "firehose_success_feedback_sample_rate": 0,
            "http_failure_feedback_role_arn": "",
            "http_success_feedback_role_arn": "",
            "http_success_feedback_sample_rate": 0,
            "id": "arn:aws:sns:us-east-1:055929692785:ecommerce-facultad-black-friday-alerts",
            "kms_master_key_id": "",
            "lambda_failure_feedback_role_arn": "",
            "lambda_success_feedback_role_arn": "",
            "lambda_success_feedback_sample_rate": 0,
            "name": "ecommerce-facultad-black-friday-alerts",
            "name_prefix": "",
            "owner": "055929692785",
            "policy": "{\"Id\":\"__default_policy_ID\",\"Statement\":[{\"Action\":[\"SNS:GetTopicAttributes\",\"SNS:SetTopicAttributes\",\"SNS:AddPermission\",\"SNS:RemovePermission\",\"SNS:DeleteTopic\",\"SNS:Subscribe\",\"SNS:ListSubscriptionsByTopic\",\"SNS:Publish\"],\"Condition\":{\"StringEquals\":{\"AWS:SourceOwner\":\"055929692785\"}},\"Effect\":\"Allow\",\"Principal\":{\"AWS\":\"*\"},\"Resource\":\"arn:aws:sns:us-east-1:055929692785:ecommerce-facultad-black-friday-alerts\",\"Sid\":\"__default_statement_ID\"}],\"Version\":\"2008-10-17\"}",
            "signature_version": 0,
            "sqs_failure_feedback_role_arn": "",
            "sqs_success_feedback_role_arn": "",
            "sqs_success_feedback_sample_rate": 0,
            "tags": {
              "Proyecto": "ecommerce-facultad"
            },
            "tags_all": {
              "Proyecto": "ecommerce-facultad"
            },
            "tracing_config": ""
          },
          "sensitive_attributes": [],
          "identity_schema_version": 0,
          "private": "bnVsbA=="
        }
      ]
    },
    {
      "module": "module.network",
      "mode": "managed",
      "type": "aws_internet_gateway",
      "name": "igw",
      "provider": "provider[\"registry.terraform.io/hashicorp/aws\"]",
      "instances": [
        {
          "schema_version": 0,
          "attributes": {
            "arn": "arn:aws:ec2:us-east-1:055929692785:internet-gateway/igw-02865d2716aa60b1f",
            "id": "igw-02865d2716aa60b1f",
            "owner_id": "055929692785",
            "tags": {
              "Name": "ecommerce-facultad-igw"
            },
            "tags_all": {
              "Name": "ecommerce-facultad-igw"
            },
            "timeouts": null,
            "vpc_id": "vpc-061980b05786b81c4"
          },
          "sensitive_attributes": [],
          "identity_schema_version": 0,
          "private": "eyJlMmJmYjczMC1lY2FhLTExZTYtOGY4OC0zNDM2M2JjN2M0YzAiOnsiY3JlYXRlIjoxMjAwMDAwMDAwMDAwLCJkZWxldGUiOjEyMDAwMDAwMDAwMDAsInVwZGF0ZSI6MTIwMDAwMDAwMDAwMH19",
          "dependencies": [
            "module.network.aws_vpc.principal"
          ]
        }
      ]
    },
    {
      "module": "module.network",
      "mode": "managed",
      "type": "aws_route",
      "name": "salida_internet",
      "provider": "provider[\"registry.terraform.io/hashicorp/aws\"]",
      "instances": [
        {
          "schema_version": 0,
          "attributes": {
            "carrier_gateway_id": "",
            "core_network_arn": "",
            "destination_cidr_block": "0.0.0.0/0",
            "destination_ipv6_cidr_block": "",
            "destination_prefix_list_id": "",
            "egress_only_gateway_id": "",
            "gateway_id": "igw-02865d2716aa60b1f",
            "id": "r-rtb-0f7505923439f65ce1080289494",
            "instance_id": "",
            "instance_owner_id": "",
            "local_gateway_id": "",
            "nat_gateway_id": "",
            "network_interface_id": "",
            "origin": "CreateRoute",
            "route_table_id": "rtb-0f7505923439f65ce",
            "state": "active",
            "timeouts": null,
            "transit_gateway_id": "",
            "vpc_endpoint_id": "",
            "vpc_peering_connection_id": ""
          },
          "sensitive_attributes": [],
          "identity_schema_version": 0,
          "private": "eyJlMmJmYjczMC1lY2FhLTExZTYtOGY4OC0zNDM2M2JjN2M0YzAiOnsiY3JlYXRlIjozMDAwMDAwMDAwMDAsImRlbGV0ZSI6MzAwMDAwMDAwMDAwLCJ1cGRhdGUiOjEyMDAwMDAwMDAwMH19",
          "dependencies": [
            "module.network.aws_internet_gateway.igw",
            "module.network.aws_route_table.publica",
            "module.network.aws_vpc.principal"
          ]
        }
      ]
    },
    {
      "module": "module.network",
      "mode": "managed",
      "type": "aws_route_table",
      "name": "publica",
      "provider": "provider[\"registry.terraform.io/hashicorp/aws\"]",
      "instances": [
        {
          "schema_version": 0,
          "attributes": {
            "arn": "arn:aws:ec2:us-east-1:055929692785:route-table/rtb-0f7505923439f65ce",
            "id": "rtb-0f7505923439f65ce",
            "owner_id": "055929692785",
            "propagating_vgws": [],
            "route": [
              {
                "carrier_gateway_id": "",
                "cidr_block": "0.0.0.0/0",
                "core_network_arn": "",
                "destination_prefix_list_id": "",
                "egress_only_gateway_id": "",
                "gateway_id": "igw-02865d2716aa60b1f",
                "ipv6_cidr_block": "",
                "local_gateway_id": "",
                "nat_gateway_id": "",
                "network_interface_id": "",
                "transit_gateway_id": "",
                "vpc_endpoint_id": "",
                "vpc_peering_connection_id": ""
              }
            ],
            "tags": {
              "Name": "ecommerce-facultad-rt-publica"
            },
            "tags_all": {
              "Name": "ecommerce-facultad-rt-publica"
            },
            "timeouts": null,
            "vpc_id": "vpc-061980b05786b81c4"
          },
          "sensitive_attributes": [],
          "identity_schema_version": 0,
          "private": "eyJlMmJmYjczMC1lY2FhLTExZTYtOGY4OC0zNDM2M2JjN2M0YzAiOnsiY3JlYXRlIjozMDAwMDAwMDAwMDAsImRlbGV0ZSI6MzAwMDAwMDAwMDAwLCJ1cGRhdGUiOjEyMDAwMDAwMDAwMH19",
          "dependencies": [
            "module.network.aws_vpc.principal"
          ]
        }
      ]
    },
    {
      "module": "module.network",
      "mode": "managed",
      "type": "aws_route_table_association",
      "name": "asociacion_publica",
      "provider": "provider[\"registry.terraform.io/hashicorp/aws\"]",
      "instances": [
        {
          "index_key": 0,
          "schema_version": 0,
          "attributes": {
            "gateway_id": "",
            "id": "rtbassoc-00396fe4dbd780b71",
            "route_table_id": "rtb-0f7505923439f65ce",
            "subnet_id": "subnet-0d3175f7886eebb63",
            "timeouts": null
          },
          "sensitive_attributes": [],
          "identity_schema_version": 0,
          "private": "eyJlMmJmYjczMC1lY2FhLTExZTYtOGY4OC0zNDM2M2JjN2M0YzAiOnsiY3JlYXRlIjozMDAwMDAwMDAwMDAsImRlbGV0ZSI6MzAwMDAwMDAwMDAwLCJ1cGRhdGUiOjEyMDAwMDAwMDAwMH19",
          "dependencies": [
            "module.network.aws_route_table.publica",
            "module.network.aws_subnet.publica",
            "module.network.aws_vpc.principal"
          ]
        },
        {
          "index_key": 1,
          "schema_version": 0,
          "attributes": {
            "gateway_id": "",
            "id": "rtbassoc-0668b651695f98dcc",
            "route_table_id": "rtb-0f7505923439f65ce",
            "subnet_id": "subnet-018d631b237ab089b",
            "timeouts": null
          },
          "sensitive_attributes": [],
          "identity_schema_version": 0,
          "private": "eyJlMmJmYjczMC1lY2FhLTExZTYtOGY4OC0zNDM2M2JjN2M0YzAiOnsiY3JlYXRlIjozMDAwMDAwMDAwMDAsImRlbGV0ZSI6MzAwMDAwMDAwMDAwLCJ1cGRhdGUiOjEyMDAwMDAwMDAwMH19",
          "dependencies": [
            "module.network.aws_route_table.publica",
            "module.network.aws_subnet.publica",
            "module.network.aws_vpc.principal"
          ]
        }
      ]
    },
    {
      "module": "module.network",
      "mode": "managed",
      "type": "aws_subnet",
      "name": "privada",
      "provider": "provider[\"registry.terraform.io/hashicorp/aws\"]",
      "instances": [
        {
          "index_key": 0,
          "schema_version": 1,
          "attributes": {
            "arn": "arn:aws:ec2:us-east-1:055929692785:subnet/subnet-085272c30ced00a1f",
            "assign_ipv6_address_on_creation": false,
            "availability_zone": "us-east-1a",
            "availability_zone_id": "use1-az4",
            "cidr_block": "10.0.10.0/24",
            "customer_owned_ipv4_pool": "",
            "enable_dns64": false,
            "enable_lni_at_device_index": 0,
            "enable_resource_name_dns_a_record_on_launch": false,
            "enable_resource_name_dns_aaaa_record_on_launch": false,
            "id": "subnet-085272c30ced00a1f",
            "ipv6_cidr_block": "",
            "ipv6_cidr_block_association_id": "",
            "ipv6_native": false,
            "map_customer_owned_ip_on_launch": false,
            "map_public_ip_on_launch": false,
            "outpost_arn": "",
            "owner_id": "055929692785",
            "private_dns_hostname_type_on_launch": "ip-name",
            "tags": {
              "Name": "ecommerce-facultad-subnet-privada-1"
            },
            "tags_all": {
              "Name": "ecommerce-facultad-subnet-privada-1"
            },
            "timeouts": null,
            "vpc_id": "vpc-061980b05786b81c4"
          },
          "sensitive_attributes": [],
          "identity_schema_version": 0,
          "private": "eyJlMmJmYjczMC1lY2FhLTExZTYtOGY4OC0zNDM2M2JjN2M0YzAiOnsiY3JlYXRlIjo2MDAwMDAwMDAwMDAsImRlbGV0ZSI6MTIwMDAwMDAwMDAwMH0sInNjaGVtYV92ZXJzaW9uIjoiMSJ9",
          "dependencies": [
            "module.network.aws_vpc.principal"
          ]
        },
        {
          "index_key": 1,
          "schema_version": 1,
          "attributes": {
            "arn": "arn:aws:ec2:us-east-1:055929692785:subnet/subnet-0e6907edf85fa81e1",
            "assign_ipv6_address_on_creation": false,
            "availability_zone": "us-east-1b",
            "availability_zone_id": "use1-az6",
            "cidr_block": "10.0.20.0/24",
            "customer_owned_ipv4_pool": "",
            "enable_dns64": false,
            "enable_lni_at_device_index": 0,
            "enable_resource_name_dns_a_record_on_launch": false,
            "enable_resource_name_dns_aaaa_record_on_launch": false,
            "id": "subnet-0e6907edf85fa81e1",
            "ipv6_cidr_block": "",
            "ipv6_cidr_block_association_id": "",
            "ipv6_native": false,
            "map_customer_owned_ip_on_launch": false,
            "map_public_ip_on_launch": false,
            "outpost_arn": "",
            "owner_id": "055929692785",
            "private_dns_hostname_type_on_launch": "ip-name",
            "tags": {
              "Name": "ecommerce-facultad-subnet-privada-2"
            },
            "tags_all": {
              "Name": "ecommerce-facultad-subnet-privada-2"
            },
            "timeouts": null,
            "vpc_id": "vpc-061980b05786b81c4"
          },
          "sensitive_attributes": [],
          "identity_schema_version": 0,
          "private": "eyJlMmJmYjczMC1lY2FhLTExZTYtOGY4OC0zNDM2M2JjN2M0YzAiOnsiY3JlYXRlIjo2MDAwMDAwMDAwMDAsImRlbGV0ZSI6MTIwMDAwMDAwMDAwMH0sInNjaGVtYV92ZXJzaW9uIjoiMSJ9",
          "dependencies": [
            "module.network.aws_vpc.principal"
          ]
        }
      ]
    },
    {
      "module": "module.network",
      "mode": "managed",
      "type": "aws_subnet",
      "name": "publica",
      "provider": "provider[\"registry.terraform.io/hashicorp/aws\"]",
      "instances": [
        {
          "index_key": 0,
          "schema_version": 1,
          "attributes": {
            "arn": "arn:aws:ec2:us-east-1:055929692785:subnet/subnet-0d3175f7886eebb63",
            "assign_ipv6_address_on_creation": false,
            "availability_zone": "us-east-1a",
            "availability_zone_id": "use1-az4",
            "cidr_block": "10.0.1.0/24",
            "customer_owned_ipv4_pool": "",
            "enable_dns64": false,
            "enable_lni_at_device_index": 0,
            "enable_resource_name_dns_a_record_on_launch": false,
            "enable_resource_name_dns_aaaa_record_on_launch": false,
            "id": "subnet-0d3175f7886eebb63",
            "ipv6_cidr_block": "",
            "ipv6_cidr_block_association_id": "",
            "ipv6_native": false,
            "map_customer_owned_ip_on_launch": false,
            "map_public_ip_on_launch": true,
            "outpost_arn": "",
            "owner_id": "055929692785",
            "private_dns_hostname_type_on_launch": "ip-name",
            "tags": {
              "Name": "ecommerce-facultad-subnet-publica-1"
            },
            "tags_all": {
              "Name": "ecommerce-facultad-subnet-publica-1"
            },
            "timeouts": null,
            "vpc_id": "vpc-061980b05786b81c4"
          },
          "sensitive_attributes": [],
          "identity_schema_version": 0,
          "private": "eyJlMmJmYjczMC1lY2FhLTExZTYtOGY4OC0zNDM2M2JjN2M0YzAiOnsiY3JlYXRlIjo2MDAwMDAwMDAwMDAsImRlbGV0ZSI6MTIwMDAwMDAwMDAwMH0sInNjaGVtYV92ZXJzaW9uIjoiMSJ9",
          "dependencies": [
            "module.network.aws_vpc.principal"
          ]
        },
        {
          "index_key": 1,
          "schema_version": 1,
          "attributes": {
            "arn": "arn:aws:ec2:us-east-1:055929692785:subnet/subnet-018d631b237ab089b",
            "assign_ipv6_address_on_creation": false,
            "availability_zone": "us-east-1b",
            "availability_zone_id": "use1-az6",
            "cidr_block": "10.0.2.0/24",
            "customer_owned_ipv4_pool": "",
            "enable_dns64": false,
            "enable_lni_at_device_index": 0,
            "enable_resource_name_dns_a_record_on_launch": false,
            "enable_resource_name_dns_aaaa_record_on_launch": false,
            "id": "subnet-018d631b237ab089b",
            "ipv6_cidr_block": "",
            "ipv6_cidr_block_association_id": "",
            "ipv6_native": false,
            "map_customer_owned_ip_on_launch": false,
            "map_public_ip_on_launch": true,
            "outpost_arn": "",
            "owner_id": "055929692785",
            "private_dns_hostname_type_on_launch": "ip-name",
            "tags": {
              "Name": "ecommerce-facultad-subnet-publica-2"
            },
            "tags_all": {
              "Name": "ecommerce-facultad-subnet-publica-2"
            },
            "timeouts": null,
            "vpc_id": "vpc-061980b05786b81c4"
          },
          "sensitive_attributes": [],
          "identity_schema_version": 0,
          "private": "eyJlMmJmYjczMC1lY2FhLTExZTYtOGY4OC0zNDM2M2JjN2M0YzAiOnsiY3JlYXRlIjo2MDAwMDAwMDAwMDAsImRlbGV0ZSI6MTIwMDAwMDAwMDAwMH0sInNjaGVtYV92ZXJzaW9uIjoiMSJ9",
          "dependencies": [
            "module.network.aws_vpc.principal"
          ]
        }
      ]
    },
    {
      "module": "module.network",
      "mode": "managed",
      "type": "aws_vpc",
      "name": "principal",
      "provider": "provider[\"registry.terraform.io/hashicorp/aws\"]",
      "instances": [
        {
          "schema_version": 1,
          "attributes": {
            "arn": "arn:aws:ec2:us-east-1:055929692785:vpc/vpc-061980b05786b81c4",
            "assign_generated_ipv6_cidr_block": false,
            "cidr_block": "10.0.0.0/16",
            "default_network_acl_id": "acl-06adb0a7a4dfcc2ba",
            "default_route_table_id": "rtb-04381c4b71ce68172",
            "default_security_group_id": "sg-08c99acfcecc722c0",
            "dhcp_options_id": "dopt-06f4289d420fe148f",
            "enable_dns_hostnames": true,
            "enable_dns_support": true,
            "enable_network_address_usage_metrics": false,
            "id": "vpc-061980b05786b81c4",
            "instance_tenancy": "default",
            "ipv4_ipam_pool_id": null,
            "ipv4_netmask_length": null,
            "ipv6_association_id": "",
            "ipv6_cidr_block": "",
            "ipv6_cidr_block_network_border_group": "",
            "ipv6_ipam_pool_id": "",
            "ipv6_netmask_length": 0,
            "main_route_table_id": "rtb-04381c4b71ce68172",
            "owner_id": "055929692785",
            "tags": {
              "Name": "ecommerce-facultad-vpc"
            },
            "tags_all": {
              "Name": "ecommerce-facultad-vpc"
            }
          },
          "sensitive_attributes": [],
          "identity_schema_version": 0,
          "private": "eyJzY2hlbWFfdmVyc2lvbiI6IjEifQ=="
        }
      ]
    },
    {
      "module": "module.observability",
      "mode": "data",
      "type": "aws_caller_identity",
      "name": "current",
      "provider": "provider[\"registry.terraform.io/hashicorp/aws\"]",
      "instances": [
        {
          "schema_version": 0,
          "attributes": {
            "account_id": "055929692785",
            "arn": "arn:aws:iam::055929692785:user/terraform-user",
            "id": "055929692785",
            "user_id": "AIDAQ2BNLMJYVG4RTJQ5F"
          },
          "sensitive_attributes": [],
          "identity_schema_version": 0
        }
      ]
    },
    {
      "module": "module.observability",
      "mode": "managed",
      "type": "aws_cloudtrail",
      "name": "trail",
      "provider": "provider[\"registry.terraform.io/hashicorp/aws\"]",
      "instances": [
        {
          "schema_version": 1,
          "attributes": {
            "advanced_event_selector": [],
            "arn": "arn:aws:cloudtrail:us-east-1:055929692785:trail/ecommerce-trail",
            "cloud_watch_logs_group_arn": "",
            "cloud_watch_logs_role_arn": "",
            "enable_log_file_validation": true,
            "enable_logging": true,
            "event_selector": [],
            "home_region": "us-east-1",
            "id": "arn:aws:cloudtrail:us-east-1:055929692785:trail/ecommerce-trail",
            "include_global_service_events": true,
            "insight_selector": [],
            "is_multi_region_trail": true,
            "is_organization_trail": false,
            "kms_key_id": "",
            "name": "ecommerce-trail",
            "s3_bucket_name": "ecommerce-logs-bucket-679835925523",
            "s3_key_prefix": "",
            "sns_topic_arn": "",
            "sns_topic_name": "",
            "tags": {},
            "tags_all": {}
          },
          "sensitive_attributes": [],
          "identity_schema_version": 0,
          "private": "eyJzY2hlbWFfdmVyc2lvbiI6IjEifQ==",
          "dependencies": [
            "module.observability.aws_s3_bucket.logs_bucket"
          ]
        }
      ]
    },
    {
      "module": "module.observability",
      "mode": "managed",
      "type": "aws_s3_bucket",
      "name": "logs_bucket",
      "provider": "provider[\"registry.terraform.io/hashicorp/aws\"]",
      "instances": [
        {
          "schema_version": 0,
          "attributes": {
            "acceleration_status": "",
            "acl": null,
            "arn": "arn:aws:s3:::ecommerce-logs-bucket-679835925523",
            "bucket": "ecommerce-logs-bucket-679835925523",
            "bucket_domain_name": "ecommerce-logs-bucket-679835925523.s3.amazonaws.com",
            "bucket_prefix": "",
            "bucket_regional_domain_name": "ecommerce-logs-bucket-679835925523.s3.us-east-1.amazonaws.com",
            "cors_rule": [],
            "force_destroy": false,
            "grant": [
              {
                "id": "c0135b22f2b25344d13e9c8ce847bb21a2ea87b901de4280a23a78689c8ea36a",
                "permissions": [
                  "FULL_CONTROL"
                ],
                "type": "CanonicalUser",
                "uri": ""
              }
            ],
            "hosted_zone_id": "Z3AQBSTGFYJSTF",
            "id": "ecommerce-logs-bucket-679835925523",
            "lifecycle_rule": [],
            "logging": [],
            "object_lock_configuration": [],
            "object_lock_enabled": false,
            "policy": "{\"Statement\":[{\"Action\":\"s3:GetBucketAcl\",\"Effect\":\"Allow\",\"Principal\":{\"Service\":\"cloudtrail.amazonaws.com\"},\"Resource\":\"arn:aws:s3:::ecommerce-logs-bucket-679835925523\",\"Sid\":\"AWSCloudTrailAclCheck\"},{\"Action\":\"s3:PutObject\",\"Condition\":{\"StringEquals\":{\"s3:x-amz-acl\":\"bucket-owner-full-control\"}},\"Effect\":\"Allow\",\"Principal\":{\"Service\":\"cloudtrail.amazonaws.com\"},\"Resource\":\"arn:aws:s3:::ecommerce-logs-bucket-679835925523/AWSLogs/055929692785/*\",\"Sid\":\"AWSCloudTrailWrite\"}],\"Version\":\"2012-10-17\"}",
            "region": "us-east-1",
            "replication_configuration": [],
            "request_payer": "BucketOwner",
            "server_side_encryption_configuration": [
              {
                "rule": [
                  {
                    "apply_server_side_encryption_by_default": [
                      {
                        "kms_master_key_id": "",
                        "sse_algorithm": "AES256"
                      }
                    ],
                    "bucket_key_enabled": false
                  }
                ]
              }
            ],
            "tags": {
              "Name": "ecommerce-trail-logs"
            },
            "tags_all": {
              "Name": "ecommerce-trail-logs"
            },
            "timeouts": null,
            "versioning": [
              {
                "enabled": false,
                "mfa_delete": false
              }
            ],
            "website": [],
            "website_domain": null,
            "website_endpoint": null
          },
          "sensitive_attributes": [],
          "identity_schema_version": 0,
          "private": "eyJlMmJmYjczMC1lY2FhLTExZTYtOGY4OC0zNDM2M2JjN2M0YzAiOnsiY3JlYXRlIjoxMjAwMDAwMDAwMDAwLCJkZWxldGUiOjM2MDAwMDAwMDAwMDAsInJlYWQiOjEyMDAwMDAwMDAwMDAsInVwZGF0ZSI6MTIwMDAwMDAwMDAwMH19"
        }
      ]
    },
    {
      "module": "module.observability",
      "mode": "managed",
      "type": "aws_s3_bucket_policy",
      "name": "cloudtrail_policy",
      "provider": "provider[\"registry.terraform.io/hashicorp/aws\"]",
      "instances": [
        {
          "schema_version": 0,
          "attributes": {
            "bucket": "ecommerce-logs-bucket-679835925523",
            "id": "ecommerce-logs-bucket-679835925523",
            "policy": "{\"Statement\":[{\"Action\":\"s3:GetBucketAcl\",\"Effect\":\"Allow\",\"Principal\":{\"Service\":\"cloudtrail.amazonaws.com\"},\"Resource\":\"arn:aws:s3:::ecommerce-logs-bucket-679835925523\",\"Sid\":\"AWSCloudTrailAclCheck\"},{\"Action\":\"s3:PutObject\",\"Condition\":{\"StringEquals\":{\"s3:x-amz-acl\":\"bucket-owner-full-control\"}},\"Effect\":\"Allow\",\"Principal\":{\"Service\":\"cloudtrail.amazonaws.com\"},\"Resource\":\"arn:aws:s3:::ecommerce-logs-bucket-679835925523/AWSLogs/055929692785/*\",\"Sid\":\"AWSCloudTrailWrite\"}],\"Version\":\"2012-10-17\"}"
          },
          "sensitive_attributes": [],
          "identity_schema_version": 0,
          "private": "bnVsbA==",
          "dependencies": [
            "module.observability.aws_s3_bucket.logs_bucket",
            "module.observability.data.aws_caller_identity.current"
          ]
        }
      ]
    },
    {
      "module": "module.rds",
      "mode": "managed",
      "type": "aws_db_instance",
      "name": "principal",
      "provider": "provider[\"registry.terraform.io/hashicorp/aws\"]",
      "instances": [
        {
          "schema_version": 2,
          "attributes": {
            "address": "ecommerce-facultad-db.cax4omisalcr.us-east-1.rds.amazonaws.com",
            "allocated_storage": 20,
            "allow_major_version_upgrade": null,
            "apply_immediately": false,
            "arn": "arn:aws:rds:us-east-1:055929692785:db:ecommerce-facultad-db",
            "auto_minor_version_upgrade": true,
            "availability_zone": "us-east-1b",
            "backup_retention_period": 7,
            "backup_target": "region",
            "backup_window": "03:00-04:00",
            "blue_green_update": [],
            "ca_cert_identifier": "rds-ca-rsa2048-g1",
            "character_set_name": "",
            "copy_tags_to_snapshot": false,
            "custom_iam_instance_profile": "",
            "customer_owned_ip_enabled": false,
            "database_insights_mode": "standard",
            "db_name": "ecommerce",
            "db_subnet_group_name": "ecommerce-facultad-rds-subnet-group",
            "dedicated_log_volume": false,
            "delete_automated_backups": true,
            "deletion_protection": false,
            "domain": "",
            "domain_auth_secret_arn": "",
            "domain_dns_ips": [],
            "domain_fqdn": "",
            "domain_iam_role_name": "",
            "domain_ou": "",
            "enabled_cloudwatch_logs_exports": [],
            "endpoint": "ecommerce-facultad-db.cax4omisalcr.us-east-1.rds.amazonaws.com:3306",
            "engine": "mysql",
            "engine_lifecycle_support": "open-source-rds-extended-support",
            "engine_version": "8.0",
            "engine_version_actual": "8.0.42",
            "final_snapshot_identifier": null,
            "hosted_zone_id": "Z2R2ITUGPM61AM",
            "iam_database_authentication_enabled": false,
            "id": "db-NJWNSFNPO66T4W4VTIKP33G3IM",
            "identifier": "ecommerce-facultad-db",
            "identifier_prefix": "",
            "instance_class": "db.t3.micro",
            "iops": 0,
            "kms_key_id": "arn:aws:kms:us-east-1:055929692785:key/aa8028cb-73b3-48eb-a179-401c25fd8598",
            "latest_restorable_time": "2025-09-20T22:10:00Z",
            "license_model": "general-public-license",
            "listener_endpoint": [],
            "maintenance_window": "sun:04:00-sun:05:00",
            "manage_master_user_password": null,
            "master_user_secret": [],
            "master_user_secret_kms_key_id": null,
            "max_allocated_storage": 60,
            "monitoring_interval": 60,
            "monitoring_role_arn": "arn:aws:iam::055929692785:role/ecommerce-facultad-rds-monitoring-role",
            "multi_az": true,
            "nchar_character_set_name": "",
            "network_type": "IPV4",
            "option_group_name": "default:mysql-8-0",
            "parameter_group_name": "default.mysql8.0",
            "password": "SecurePassword123!",
            "password_wo": null,
            "password_wo_version": null,
            "performance_insights_enabled": false,
            "performance_insights_kms_key_id": "",
            "performance_insights_retention_period": 0,
            "port": 3306,
            "publicly_accessible": false,
            "replica_mode": "",
            "replicas": [],
            "replicate_source_db": "",
            "resource_id": "db-NJWNSFNPO66T4W4VTIKP33G3IM",
            "restore_to_point_in_time": [],
            "s3_import": [],
            "skip_final_snapshot": true,
            "snapshot_identifier": null,
            "status": "available",
            "storage_encrypted": true,
            "storage_throughput": 0,
            "storage_type": "gp2",
            "tags": {
              "Proyecto": "ecommerce-facultad"
            },
            "tags_all": {
              "Proyecto": "ecommerce-facultad"
            },
            "timeouts": null,
            "timezone": "",
            "upgrade_storage_config": null,
            "username": "admin",
            "vpc_security_group_ids": [
              "sg-09327d3a23cd9c6b4"
            ]
          },
          "sensitive_attributes": [
            [
              {
                "type": "get_attr",
                "value": "password"
              }
            ],
            [
              {
                "type": "get_attr",
                "value": "password_wo"
              }
            ]
          ],
          "identity_schema_version": 0,
          "private": "eyJlMmJmYjczMC1lY2FhLTExZTYtOGY4OC0zNDM2M2JjN2M0YzAiOnsiY3JlYXRlIjozMDAwMDAwMDAwMDAwLCJkZWxldGUiOjM2MDAwMDAwMDAwMDAsInVwZGF0ZSI6NDgwMDAwMDAwMDAwMH0sInNjaGVtYV92ZXJzaW9uIjoiMiJ9",
          "dependencies": [
            "module.network.aws_subnet.privada",
            "module.network.aws_vpc.principal",
            "module.rds.aws_db_subnet_group.subnet_group",
            "module.rds.aws_iam_role.rds_enhanced_monitoring",
            "module.security.aws_kms_key.principal",
            "module.security.aws_security_group.alb_sg",
            "module.security.aws_security_group.ec2_sg",
            "module.security.aws_security_group.rds_sg"
          ]
        }
      ]
    },
    {
      "module": "module.rds",
      "mode": "managed",
      "type": "aws_db_subnet_group",
      "name": "subnet_group",
      "provider": "provider[\"registry.terraform.io/hashicorp/aws\"]",
      "instances": [
        {
          "schema_version": 0,
          "attributes": {
            "arn": "arn:aws:rds:us-east-1:055929692785:subgrp:ecommerce-facultad-rds-subnet-group",
            "description": "Managed by Terraform",
            "id": "ecommerce-facultad-rds-subnet-group",
            "name": "ecommerce-facultad-rds-subnet-group",
            "name_prefix": "",
            "subnet_ids": [
              "subnet-085272c30ced00a1f",
              "subnet-0e6907edf85fa81e1"
            ],
            "supported_network_types": [
              "IPV4"
            ],
            "tags": {
              "Name": "ecommerce-facultad-rds-subnet-group"
            },
            "tags_all": {
              "Name": "ecommerce-facultad-rds-subnet-group"
            },
            "vpc_id": "vpc-061980b05786b81c4"
          },
          "sensitive_attributes": [],
          "identity_schema_version": 0,
          "private": "bnVsbA==",
          "dependencies": [
            "module.network.aws_subnet.privada",
            "module.network.aws_vpc.principal"
          ]
        }
      ]
    },
    {
      "module": "module.rds",
      "mode": "managed",
      "type": "aws_iam_role",
      "name": "rds_enhanced_monitoring",
      "provider": "provider[\"registry.terraform.io/hashicorp/aws\"]",
      "instances": [
        {
          "schema_version": 0,
          "attributes": {
            "arn": "arn:aws:iam::055929692785:role/ecommerce-facultad-rds-monitoring-role",
            "assume_role_policy": "{\"Statement\":[{\"Action\":\"sts:AssumeRole\",\"Effect\":\"Allow\",\"Principal\":{\"Service\":\"monitoring.rds.amazonaws.com\"}}],\"Version\":\"2012-10-17\"}",
            "create_date": "2025-09-20T20:36:34Z",
            "description": "",
            "force_detach_policies": false,
            "id": "ecommerce-facultad-rds-monitoring-role",
            "inline_policy": [],
            "managed_policy_arns": [
              "arn:aws:iam::aws:policy/service-role/AmazonRDSEnhancedMonitoringRole"
            ],
            "max_session_duration": 3600,
            "name": "ecommerce-facultad-rds-monitoring-role",
            "name_prefix": "",
            "path": "/",
            "permissions_boundary": "",
            "tags": {},
            "tags_all": {},
            "unique_id": "AROAQ2BNLMJYTEXKR2V3H"
          },
          "sensitive_attributes": [],
          "identity_schema_version": 0,
          "private": "bnVsbA=="
        }
      ]
    },
    {
      "module": "module.rds",
      "mode": "managed",
      "type": "aws_iam_role_policy_attachment",
      "name": "rds_enhanced_monitoring",
      "provider": "provider[\"registry.terraform.io/hashicorp/aws\"]",
      "instances": [
        {
          "schema_version": 0,
          "attributes": {
            "id": "ecommerce-facultad-rds-monitoring-role-20250920203635253800000001",
            "policy_arn": "arn:aws:iam::aws:policy/service-role/AmazonRDSEnhancedMonitoringRole",
            "role": "ecommerce-facultad-rds-monitoring-role"
          },
          "sensitive_attributes": [],
          "identity_schema_version": 0,
          "private": "bnVsbA==",
          "dependencies": [
            "module.rds.aws_iam_role.rds_enhanced_monitoring"
          ]
        }
      ]
    },
    {
      "module": "module.security",
      "mode": "managed",
      "type": "aws_kms_key",
      "name": "principal",
      "provider": "provider[\"registry.terraform.io/hashicorp/aws\"]",
      "instances": [
        {
          "schema_version": 0,
          "attributes": {
            "arn": "arn:aws:kms:us-east-1:055929692785:key/aa8028cb-73b3-48eb-a179-401c25fd8598",
            "bypass_policy_lockout_safety_check": false,
            "custom_key_store_id": "",
            "customer_master_key_spec": "SYMMETRIC_DEFAULT",
            "deletion_window_in_days": 10,
            "description": "Clave principal para encriptacion",
            "enable_key_rotation": true,
            "id": "aa8028cb-73b3-48eb-a179-401c25fd8598",
            "is_enabled": true,
            "key_id": "aa8028cb-73b3-48eb-a179-401c25fd8598",
            "key_usage": "ENCRYPT_DECRYPT",
            "multi_region": false,
            "policy": "{\"Id\":\"key-default-1\",\"Statement\":[{\"Action\":\"kms:*\",\"Effect\":\"Allow\",\"Principal\":{\"AWS\":\"arn:aws:iam::055929692785:root\"},\"Resource\":\"*\",\"Sid\":\"Enable IAM User Permissions\"}],\"Version\":\"2012-10-17\"}",
            "rotation_period_in_days": 365,
            "tags": {
              "Name": "ecommerce-facultad-kms"
            },
            "tags_all": {
              "Name": "ecommerce-facultad-kms"
            },
            "timeouts": null,
            "xks_key_id": ""
          },
          "sensitive_attributes": [],
          "identity_schema_version": 0,
          "private": "eyJlMmJmYjczMC1lY2FhLTExZTYtOGY4OC0zNDM2M2JjN2M0YzAiOnsiY3JlYXRlIjoxMjAwMDAwMDAwMDB9fQ=="
        }
      ]
    },
    {
      "module": "module.security",
      "mode": "managed",
      "type": "aws_security_group",
      "name": "alb_sg",
      "provider": "provider[\"registry.terraform.io/hashicorp/aws\"]",
      "instances": [
        {
          "schema_version": 1,
          "attributes": {
            "arn": "arn:aws:ec2:us-east-1:055929692785:security-group/sg-08504d786433ee7c0",
            "description": "Permite trafico publico al ALB",
            "egress": [
              {
                "cidr_blocks": [
                  "0.0.0.0/0"
                ],
                "description": "",
                "from_port": 0,
                "ipv6_cidr_blocks": [],
                "prefix_list_ids": [],
                "protocol": "-1",
                "security_groups": [],
                "self": false,
                "to_port": 0
              }
            ],
            "id": "sg-08504d786433ee7c0",
            "ingress": [
              {
                "cidr_blocks": [
                  "0.0.0.0/0"
                ],
                "description": "",
                "from_port": 443,
                "ipv6_cidr_blocks": [],
                "prefix_list_ids": [],
                "protocol": "tcp",
                "security_groups": [],
                "self": false,
                "to_port": 443
              },
              {
                "cidr_blocks": [
                  "0.0.0.0/0"
                ],
                "description": "",
                "from_port": 80,
                "ipv6_cidr_blocks": [],
                "prefix_list_ids": [],
                "protocol": "tcp",
                "security_groups": [],
                "self": false,
                "to_port": 80
              }
            ],
            "name": "ecommerce-facultad-sg-alb",
            "name_prefix": "",
            "owner_id": "055929692785",
            "revoke_rules_on_delete": false,
            "tags": {
              "Name": "ecommerce-facultad-sg-alb"
            },
            "tags_all": {
              "Name": "ecommerce-facultad-sg-alb"
            },
            "timeouts": null,
            "vpc_id": "vpc-061980b05786b81c4"
          },
          "sensitive_attributes": [],
          "identity_schema_version": 0,
          "private": "eyJlMmJmYjczMC1lY2FhLTExZTYtOGY4OC0zNDM2M2JjN2M0YzAiOnsiY3JlYXRlIjo2MDAwMDAwMDAwMDAsImRlbGV0ZSI6OTAwMDAwMDAwMDAwfSwic2NoZW1hX3ZlcnNpb24iOiIxIn0=",
          "dependencies": [
            "module.network.aws_vpc.principal"
          ]
        }
      ]
    },
    {
      "module": "module.security",
      "mode": "managed",
      "type": "aws_security_group",
      "name": "ec2_sg",
      "provider": "provider[\"registry.terraform.io/hashicorp/aws\"]",
      "instances": [
        {
          "schema_version": 1,
          "attributes": {
            "arn": "arn:aws:ec2:us-east-1:055929692785:security-group/sg-07dc6f2d1e23cedd5",
            "description": "Solo permite trafico HTTPS desde el ALB",
            "egress": [
              {
                "cidr_blocks": [
                  "0.0.0.0/0"
                ],
                "description": "",
                "from_port": 0,
                "ipv6_cidr_blocks": [],
                "prefix_list_ids": [],
                "protocol": "-1",
                "security_groups": [],
                "self": false,
                "to_port": 0
              }
            ],
            "id": "sg-07dc6f2d1e23cedd5",
            "ingress": [
              {
                "cidr_blocks": [],
                "description": "",
                "from_port": 443,
                "ipv6_cidr_blocks": [],
                "prefix_list_ids": [],
                "protocol": "tcp",
                "security_groups": [
                  "sg-08504d786433ee7c0"
                ],
                "self": false,
                "to_port": 443
              }
            ],
            "name": "ecommerce-facultad-sg-ec2",
            "name_prefix": "",
            "owner_id": "055929692785",
            "revoke_rules_on_delete": false,
            "tags": {
              "Name": "ecommerce-facultad-sg-ec2"
            },
            "tags_all": {
              "Name": "ecommerce-facultad-sg-ec2"
            },
            "timeouts": null,
            "vpc_id": "vpc-061980b05786b81c4"
          },
          "sensitive_attributes": [],
          "identity_schema_version": 0,
          "private": "eyJlMmJmYjczMC1lY2FhLTExZTYtOGY4OC0zNDM2M2JjN2M0YzAiOnsiY3JlYXRlIjo2MDAwMDAwMDAwMDAsImRlbGV0ZSI6OTAwMDAwMDAwMDAwfSwic2NoZW1hX3ZlcnNpb24iOiIxIn0=",
          "dependencies": [
            "module.network.aws_vpc.principal",
            "module.security.aws_security_group.alb_sg"
          ]
        }
      ]
    },
    {
      "module": "module.security",
      "mode": "managed",
      "type": "aws_security_group",
      "name": "rds_sg",
      "provider": "provider[\"registry.terraform.io/hashicorp/aws\"]",
      "instances": [
        {
          "schema_version": 1,
          "attributes": {
            "arn": "arn:aws:ec2:us-east-1:055929692785:security-group/sg-09327d3a23cd9c6b4",
            "description": "Solo permite trafico desde EC2",
            "egress": [
              {
                "cidr_blocks": [
                  "0.0.0.0/0"
                ],
                "description": "",
                "from_port": 0,
                "ipv6_cidr_blocks": [],
                "prefix_list_ids": [],
                "protocol": "-1",
                "security_groups": [],
                "self": false,
                "to_port": 0
              }
            ],
            "id": "sg-09327d3a23cd9c6b4",
            "ingress": [
              {
                "cidr_blocks": [],
                "description": "",
                "from_port": 3306,
                "ipv6_cidr_blocks": [],
                "prefix_list_ids": [],
                "protocol": "tcp",
                "security_groups": [
                  "sg-07dc6f2d1e23cedd5"
                ],
                "self": false,
                "to_port": 3306
              }
            ],
            "name": "ecommerce-facultad-sg-rds",
            "name_prefix": "",
            "owner_id": "055929692785",
            "revoke_rules_on_delete": false,
            "tags": {
              "Name": "ecommerce-facultad-sg-rds"
            },
            "tags_all": {
              "Name": "ecommerce-facultad-sg-rds"
            },
            "timeouts": null,
            "vpc_id": "vpc-061980b05786b81c4"
          },
          "sensitive_attributes": [],
          "identity_schema_version": 0,
          "private": "eyJlMmJmYjczMC1lY2FhLTExZTYtOGY4OC0zNDM2M2JjN2M0YzAiOnsiY3JlYXRlIjo2MDAwMDAwMDAwMDAsImRlbGV0ZSI6OTAwMDAwMDAwMDAwfSwic2NoZW1hX3ZlcnNpb24iOiIxIn0=",
          "dependencies": [
            "module.network.aws_vpc.principal",
            "module.security.aws_security_group.alb_sg",
            "module.security.aws_security_group.ec2_sg"
          ]
        }
      ]
    },
    {
      "module": "module.security",
      "mode": "managed",
      "type": "aws_wafv2_web_acl",
      "name": "principal",
      "provider": "provider[\"registry.terraform.io/hashicorp/aws\"]",
      "instances": [
        {
          "schema_version": 0,
          "attributes": {
            "application_integration_url": "",
            "arn": "arn:aws:wafv2:us-east-1:055929692785:global/webacl/ecommerce-facultad-waf/24cac208-9ad5-4d25-a17a-534d6fef121b",
            "association_config": [],
            "capacity": 2,
            "captcha_config": [],
            "challenge_config": [],
            "custom_response_body": [],
            "default_action": [
              {
                "allow": [
                  {
                    "custom_request_handling": []
                  }
                ],
                "block": []
              }
            ],
            "description": "WAF para prevenir DDOS",
            "id": "24cac208-9ad5-4d25-a17a-534d6fef121b",
            "lock_token": "95b05be8-3869-4355-8f41-277ac7241c25",
            "name": "ecommerce-facultad-waf",
            "name_prefix": "",
            "rule": [
              {
                "action": [
                  {
                    "allow": [],
                    "block": [],
                    "captcha": [],
                    "challenge": [],
                    "count": [
                      {
                        "custom_request_handling": []
                      }
                    ]
                  }
                ],
                "captcha_config": [],
                "challenge_config": [],
                "name": "Limitaciones-basicas",
                "override_action": [],
                "priority": 1,
                "rule_label": [],
                "statement": [
                  {
                    "and_statement": [],
                    "byte_match_statement": [],
                    "geo_match_statement": [],
                    "ip_set_reference_statement": [],
                    "label_match_statement": [],
                    "managed_rule_group_statement": [],
                    "not_statement": [],
                    "or_statement": [],
                    "rate_based_statement": [
                      {
                        "aggregate_key_type": "IP",
                        "custom_key": [],
                        "evaluation_window_sec": 300,
                        "forwarded_ip_config": [],
                        "limit": 5000,
                        "scope_down_statement": []
                      }
                    ],
                    "regex_match_statement": [],
                    "regex_pattern_set_reference_statement": [],
                    "rule_group_reference_statement": [],
                    "size_constraint_statement": [],
                    "sqli_match_statement": [],
                    "xss_match_statement": []
                  }
                ],
                "visibility_config": [
                  {
                    "cloudwatch_metrics_enabled": true,
                    "metric_name": "bloqueo-ip",
                    "sampled_requests_enabled": true
                  }
                ]
              }
            ],
            "rule_json": null,
            "scope": "CLOUDFRONT",
            "tags": {
              "Proyecto": "ecommerce-facultad"
            },
            "tags_all": {
              "Proyecto": "ecommerce-facultad"
            },
            "token_domains": [],
            "visibility_config": [
              {
                "cloudwatch_metrics_enabled": true,
                "metric_name": "ecommerce-facultad-waf",
                "sampled_requests_enabled": true
              }
            ]
          },
          "sensitive_attributes": [],
          "identity_schema_version": 0,
          "private": "bnVsbA=="
        }
      ]
    }
  ],
  "check_results": [
    {
      "object_kind": "var",
      "config_addr": "module.network.var.subredes_publicas",
      "status": "pass",
      "objects": [
        {
          "object_addr": "module.network.var.subredes_publicas",
          "status": "pass"
        }
      ]
    },
    {
      "object_kind": "var",
      "config_addr": "module.network.var.subredes_privadas",
      "status": "pass",
      "objects": [
        {
          "object_addr": "module.network.var.subredes_privadas",
          "status": "pass"
        }
      ]
    },
    {
      "object_kind": "var",
      "config_addr": "module.network.var.zonas_az",
      "status": "pass",
      "objects": [
        {
          "object_addr": "module.network.var.zonas_az",
          "status": "pass"
        }
      ]
    }
  ]
}
